
Microsoft Visual Studio Solution File, Format Version 12.00
# Visual Studio 2013
VisualStudioVersion = 12.0.30110.0
MinimumVisualStudioVersion = 10.0.40219.1
Project("{FAE04EC0-301F-11D3-BF4B-00C04F79EFBC}") = "M4", "M4.csproj", "{D3EBF03F-16BC-4BE6-9BD2-36E27B8ED743}"
	ProjectSection(ProjectDependencies) = postProject
		{4051EB73-31A4-44E8-AAE6-85E936D34247} = {4051EB73-31A4-44E8-AAE6-85E936D34247}
	EndProjectSection
EndProject
Project("{FAE04EC0-301F-11D3-BF4B-00C04F79EFBC}") = "M4Data", "M4Data\M4Data.csproj", "{79F0A10A-6879-4495-92E7-C5FB42339A60}"
EndProject
Project("{FAE04EC0-301F-11D3-BF4B-00C04F79EFBC}") = "M4Utils", "M4Utils\M4Utils.csproj", "{EEE8F291-0E5B-4DDA-A2B2-E7A1AC01E17B}"
EndProject
Project("{FAE04EC0-301F-11D3-BF4B-00C04F79EFBC}") = "M4Core", "M4Core\M4Core.csproj", "{63BD7DAA-97F5-46F1-94AE-B948727005A0}"
EndProject
Project("{FAE04EC0-301F-11D3-BF4B-00C04F79EFBC}") = "DSPlena", "..\DSPlena\DSPlena.csproj", "{6B8E0B62-EE14-4FBC-BB14-809FA31A113E}"
EndProject
Project("{FAE04EC0-301F-11D3-BF4B-00C04F79EFBC}") = "ModulusFE.Sockets", "..\DSPlena\ModulusFE.Sockets\ModulusFE.Sockets.csproj", "{9A7C5F5D-134D-485B-BAFC-DC1DF32EF612}"
EndProject
Project("{FAE04EC0-301F-11D3-BF4B-00C04F79EFBC}") = "M4.DataServer.Interface", "..\DSPlena\M4.DataServer.Interface\M4.DataServer.Interface.csproj", "{C0B4FEC6-275A-4574-BCC4-A06CDCEDCA3F}"
EndProject
Project("{FAE04EC0-301F-11D3-BF4B-00C04F79EFBC}") = "VersionChecker", "..\VersionChecker\VersionChecker.csproj", "{4051EB73-31A4-44E8-AAE6-85E936D34247}"
EndProject
Project("{8BC9CEB8-8B4A-11D0-8D11-00A0C91BC942}") = "TradeScript", "..\..\TradeScript\trunk\TradeScript.vcxproj", "{3F0629B1-DFD0-474C-86B9-8ED215BC66B9}"
EndProject
Project("{FAE04EC0-301F-11D3-BF4B-00C04F79EFBC}") = "Crainiate.Diagramming", "..\..\Crainiate Open Diagram 5.0\Crainiate.Diagramming\Crainiate.Diagramming.csproj", "{8FEEDDA0-185D-4F31-9920-503C014F5526}"
EndProject
Project("{FAE04EC0-301F-11D3-BF4B-00C04F79EFBC}") = "Crainiate.Diagramming.Forms", "..\..\Crainiate Open Diagram 5.0\Crainiate.Diagramming.Forms\Crainiate.Diagramming.Forms.csproj", "{86FBCBDA-52FD-4111-99F0-F6EBCC00AB06}"
EndProject
Global
	GlobalSection(TeamFoundationVersionControl) = preSolution
		SccNumberOfProjects = 12
		SccEnterpriseProvider = {4CA58AB2-18FA-4F8D-95D4-32DDF27D184C}
		SccTeamFoundationServer = https://seamus-fs.visualstudio.com/defaultcollection
		SccLocalPath0 = .
		SccProjectUniqueName1 = ..\\DSPlena\\DSPlena.csproj
		SccProjectName1 = ../DSPlena
		SccLocalPath1 = ..\\DSPlena
		SccProjectUniqueName2 = ..\\DSPlena\\M4.DataServer.Interface\\M4.DataServer.Interface.csproj
		SccProjectName2 = ../DSPlena/M4.DataServer.Interface
		SccLocalPath2 = ..\\DSPlena\\M4.DataServer.Interface
		SccProjectUniqueName3 = ..\\DSPlena\\ModulusFE.Sockets\\ModulusFE.Sockets.csproj
		SccProjectName3 = ../DSPlena/ModulusFE.Sockets
		SccLocalPath3 = ..\\DSPlena\\ModulusFE.Sockets
		SccProjectUniqueName4 = M4.csproj
		SccLocalPath4 = .
		SccProjectUniqueName5 = M4Core\\M4Core.csproj
		SccProjectName5 = M4Core
		SccLocalPath5 = M4Core
		SccProjectUniqueName6 = M4Data\\M4Data.csproj
		SccProjectName6 = M4Data
		SccLocalPath6 = M4Data
		SccProjectUniqueName7 = M4Utils\\M4Utils.csproj
		SccProjectName7 = M4Utils
		SccLocalPath7 = M4Utils
		SccProjectUniqueName8 = ..\\VersionChecker\\VersionChecker.csproj
		SccProjectName8 = ../VersionChecker
		SccLocalPath8 = ..\\VersionChecker
		SccProjectUniqueName9 = ..\\..\\TradeScript\\trunk\\TradeScript.vcxproj
		SccProjectName9 = ../../TradeScript/trunk
		SccLocalPath9 = ..\\..\\TradeScript\\trunk
		SccProjectUniqueName10 = ..\\..\\Crainiate\u0020Open\u0020Diagram\u00205.0\\Crainiate.Diagramming\\Crainiate.Diagramming.csproj
		SccProjectName10 = ../../Crainiate\u0020Open\u0020Diagram\u00205.0/Crainiate.Diagramming
		SccLocalPath10 = ..\\..\\Crainiate\u0020Open\u0020Diagram\u00205.0\\Crainiate.Diagramming
		SccProjectUniqueName11 = ..\\..\\Crainiate\u0020Open\u0020Diagram\u00205.0\\Crainiate.Diagramming.Forms\\Crainiate.Diagramming.Forms.csproj
		SccProjectName11 = ../../Crainiate\u0020Open\u0020Diagram\u00205.0/Crainiate.Diagramming.Forms
		SccLocalPath11 = ..\\..\\Crainiate\u0020Open\u0020Diagram\u00205.0\\Crainiate.Diagramming.Forms
	EndGlobalSection
	GlobalSection(SolutionConfigurationPlatforms) = preSolution
		CD_ROM|Any CPU = CD_ROM|Any CPU
		CD_ROM|Mixed Platforms = CD_ROM|Mixed Platforms
		CD_ROM|Win32 = CD_ROM|Win32
		CD_ROM|x86 = CD_ROM|x86
		Custom|Any CPU = Custom|Any CPU
		Custom|Mixed Platforms = Custom|Mixed Platforms
		Custom|Win32 = Custom|Win32
		Custom|x86 = Custom|x86
		Debug|Any CPU = Debug|Any CPU
		Debug|Mixed Platforms = Debug|Mixed Platforms
		Debug|Win32 = Debug|Win32
		Debug|x86 = Debug|x86
		DVD-10|Any CPU = DVD-10|Any CPU
		DVD-10|Mixed Platforms = DVD-10|Mixed Platforms
		DVD-10|Win32 = DVD-10|Win32
		DVD-10|x86 = DVD-10|x86
		DVD-18|Any CPU = DVD-18|Any CPU
		DVD-18|Mixed Platforms = DVD-18|Mixed Platforms
		DVD-18|Win32 = DVD-18|Win32
		DVD-18|x86 = DVD-18|x86
		DVD-5|Any CPU = DVD-5|Any CPU
		DVD-5|Mixed Platforms = DVD-5|Mixed Platforms
		DVD-5|Win32 = DVD-5|Win32
		DVD-5|x86 = DVD-5|x86
		DVD-9|Any CPU = DVD-9|Any CPU
		DVD-9|Mixed Platforms = DVD-9|Mixed Platforms
		DVD-9|Win32 = DVD-9|Win32
		DVD-9|x86 = DVD-9|x86
		Release MinDependency|Any CPU = Release MinDependency|Any CPU
		Release MinDependency|Mixed Platforms = Release MinDependency|Mixed Platforms
		Release MinDependency|Win32 = Release MinDependency|Win32
		Release MinDependency|x86 = Release MinDependency|x86
		Release MinSize|Any CPU = Release MinSize|Any CPU
		Release MinSize|Mixed Platforms = Release MinSize|Mixed Platforms
		Release MinSize|Win32 = Release MinSize|Win32
		Release MinSize|x86 = Release MinSize|x86
		Release|Any CPU = Release|Any CPU
		Release|Mixed Platforms = Release|Mixed Platforms
		Release|Win32 = Release|Win32
		Release|x86 = Release|x86
		SingleImage|Any CPU = SingleImage|Any CPU
		SingleImage|Mixed Platforms = SingleImage|Mixed Platforms
		SingleImage|Win32 = SingleImage|Win32
		SingleImage|x86 = SingleImage|x86
		WebDeployment|Any CPU = WebDeployment|Any CPU
		WebDeployment|Mixed Platforms = WebDeployment|Mixed Platforms
		WebDeployment|Win32 = WebDeployment|Win32
		WebDeployment|x86 = WebDeployment|x86
	EndGlobalSection
	GlobalSection(ProjectConfigurationPlatforms) = postSolution
		{D3EBF03F-16BC-4BE6-9BD2-36E27B8ED743}.CD_ROM|Any CPU.ActiveCfg = Release|x86
		{D3EBF03F-16BC-4BE6-9BD2-36E27B8ED743}.CD_ROM|Mixed Platforms.ActiveCfg = Debug|x86
		{D3EBF03F-16BC-4BE6-9BD2-36E27B8ED743}.CD_ROM|Mixed Platforms.Build.0 = Debug|x86
		{D3EBF03F-16BC-4BE6-9BD2-36E27B8ED743}.CD_ROM|Win32.ActiveCfg = Debug|x86
		{D3EBF03F-16BC-4BE6-9BD2-36E27B8ED743}.CD_ROM|Win32.Build.0 = Debug|x86
		{D3EBF03F-16BC-4BE6-9BD2-36E27B8ED743}.CD_ROM|x86.ActiveCfg = Release|x86
		{D3EBF03F-16BC-4BE6-9BD2-36E27B8ED743}.CD_ROM|x86.Build.0 = Release|x86
		{D3EBF03F-16BC-4BE6-9BD2-36E27B8ED743}.Custom|Any CPU.ActiveCfg = Release|Any CPU
		{D3EBF03F-16BC-4BE6-9BD2-36E27B8ED743}.Custom|Any CPU.Build.0 = Release|Any CPU
		{D3EBF03F-16BC-4BE6-9BD2-36E27B8ED743}.Custom|Mixed Platforms.ActiveCfg = Debug|x86
		{D3EBF03F-16BC-4BE6-9BD2-36E27B8ED743}.Custom|Mixed Platforms.Build.0 = Debug|x86
		{D3EBF03F-16BC-4BE6-9BD2-36E27B8ED743}.Custom|Win32.ActiveCfg = Debug|x86
		{D3EBF03F-16BC-4BE6-9BD2-36E27B8ED743}.Custom|Win32.Build.0 = Debug|x86
		{D3EBF03F-16BC-4BE6-9BD2-36E27B8ED743}.Custom|x86.ActiveCfg = Debug|x86
		{D3EBF03F-16BC-4BE6-9BD2-36E27B8ED743}.Custom|x86.Build.0 = Debug|x86
		{D3EBF03F-16BC-4BE6-9BD2-36E27B8ED743}.Debug|Any CPU.ActiveCfg = Debug|Any CPU
		{D3EBF03F-16BC-4BE6-9BD2-36E27B8ED743}.Debug|Any CPU.Build.0 = Debug|Any CPU
		{D3EBF03F-16BC-4BE6-9BD2-36E27B8ED743}.Debug|Mixed Platforms.ActiveCfg = Debug|x86
		{D3EBF03F-16BC-4BE6-9BD2-36E27B8ED743}.Debug|Mixed Platforms.Build.0 = Debug|x86
		{D3EBF03F-16BC-4BE6-9BD2-36E27B8ED743}.Debug|Win32.ActiveCfg = Debug|x86
		{D3EBF03F-16BC-4BE6-9BD2-36E27B8ED743}.Debug|Win32.Build.0 = Debug|x86
		{D3EBF03F-16BC-4BE6-9BD2-36E27B8ED743}.Debug|x86.ActiveCfg = Debug|x86
		{D3EBF03F-16BC-4BE6-9BD2-36E27B8ED743}.Debug|x86.Build.0 = Debug|x86
		{D3EBF03F-16BC-4BE6-9BD2-36E27B8ED743}.DVD-10|Any CPU.ActiveCfg = Debug|Any CPU
		{D3EBF03F-16BC-4BE6-9BD2-36E27B8ED743}.DVD-10|Any CPU.Build.0 = Debug|Any CPU
		{D3EBF03F-16BC-4BE6-9BD2-36E27B8ED743}.DVD-10|Mixed Platforms.ActiveCfg = Debug|x86
		{D3EBF03F-16BC-4BE6-9BD2-36E27B8ED743}.DVD-10|Mixed Platforms.Build.0 = Debug|x86
		{D3EBF03F-16BC-4BE6-9BD2-36E27B8ED743}.DVD-10|Win32.ActiveCfg = Debug|x86
		{D3EBF03F-16BC-4BE6-9BD2-36E27B8ED743}.DVD-10|Win32.Build.0 = Debug|x86
		{D3EBF03F-16BC-4BE6-9BD2-36E27B8ED743}.DVD-10|x86.ActiveCfg = Debug|x86
		{D3EBF03F-16BC-4BE6-9BD2-36E27B8ED743}.DVD-10|x86.Build.0 = Debug|x86
		{D3EBF03F-16BC-4BE6-9BD2-36E27B8ED743}.DVD-18|Any CPU.ActiveCfg = Debug|Any CPU
		{D3EBF03F-16BC-4BE6-9BD2-36E27B8ED743}.DVD-18|Any CPU.Build.0 = Debug|Any CPU
		{D3EBF03F-16BC-4BE6-9BD2-36E27B8ED743}.DVD-18|Mixed Platforms.ActiveCfg = Debug|x86
		{D3EBF03F-16BC-4BE6-9BD2-36E27B8ED743}.DVD-18|Mixed Platforms.Build.0 = Debug|x86
		{D3EBF03F-16BC-4BE6-9BD2-36E27B8ED743}.DVD-18|Win32.ActiveCfg = Debug|x86
		{D3EBF03F-16BC-4BE6-9BD2-36E27B8ED743}.DVD-18|Win32.Build.0 = Debug|x86
		{D3EBF03F-16BC-4BE6-9BD2-36E27B8ED743}.DVD-18|x86.ActiveCfg = Debug|x86
		{D3EBF03F-16BC-4BE6-9BD2-36E27B8ED743}.DVD-18|x86.Build.0 = Debug|x86
		{D3EBF03F-16BC-4BE6-9BD2-36E27B8ED743}.DVD-5|Any CPU.ActiveCfg = Debug|x86
		{D3EBF03F-16BC-4BE6-9BD2-36E27B8ED743}.DVD-5|Mixed Platforms.ActiveCfg = Debug|x86
		{D3EBF03F-16BC-4BE6-9BD2-36E27B8ED743}.DVD-5|Mixed Platforms.Build.0 = Debug|x86
		{D3EBF03F-16BC-4BE6-9BD2-36E27B8ED743}.DVD-5|Win32.ActiveCfg = Debug|x86
		{D3EBF03F-16BC-4BE6-9BD2-36E27B8ED743}.DVD-5|Win32.Build.0 = Debug|x86
		{D3EBF03F-16BC-4BE6-9BD2-36E27B8ED743}.DVD-5|x86.ActiveCfg = Debug|x86
		{D3EBF03F-16BC-4BE6-9BD2-36E27B8ED743}.DVD-5|x86.Build.0 = Debug|x86
		{D3EBF03F-16BC-4BE6-9BD2-36E27B8ED743}.DVD-9|Any CPU.ActiveCfg = Debug|Any CPU
		{D3EBF03F-16BC-4BE6-9BD2-36E27B8ED743}.DVD-9|Any CPU.Build.0 = Debug|Any CPU
		{D3EBF03F-16BC-4BE6-9BD2-36E27B8ED743}.DVD-9|Mixed Platforms.ActiveCfg = Debug|x86
		{D3EBF03F-16BC-4BE6-9BD2-36E27B8ED743}.DVD-9|Mixed Platforms.Build.0 = Debug|x86
		{D3EBF03F-16BC-4BE6-9BD2-36E27B8ED743}.DVD-9|Win32.ActiveCfg = Debug|x86
		{D3EBF03F-16BC-4BE6-9BD2-36E27B8ED743}.DVD-9|Win32.Build.0 = Debug|x86
		{D3EBF03F-16BC-4BE6-9BD2-36E27B8ED743}.DVD-9|x86.ActiveCfg = Debug|x86
		{D3EBF03F-16BC-4BE6-9BD2-36E27B8ED743}.DVD-9|x86.Build.0 = Debug|x86
		{D3EBF03F-16BC-4BE6-9BD2-36E27B8ED743}.Release MinDependency|Any CPU.ActiveCfg = Release|Any CPU
		{D3EBF03F-16BC-4BE6-9BD2-36E27B8ED743}.Release MinDependency|Any CPU.Build.0 = Release|Any CPU
		{D3EBF03F-16BC-4BE6-9BD2-36E27B8ED743}.Release MinDependency|Mixed Platforms.ActiveCfg = Release|x86
		{D3EBF03F-16BC-4BE6-9BD2-36E27B8ED743}.Release MinDependency|Mixed Platforms.Build.0 = Release|x86
		{D3EBF03F-16BC-4BE6-9BD2-36E27B8ED743}.Release MinDependency|Win32.ActiveCfg = Release|x86
		{D3EBF03F-16BC-4BE6-9BD2-36E27B8ED743}.Release MinDependency|Win32.Build.0 = Release|x86
		{D3EBF03F-16BC-4BE6-9BD2-36E27B8ED743}.Release MinDependency|x86.ActiveCfg = Release|x86
		{D3EBF03F-16BC-4BE6-9BD2-36E27B8ED743}.Release MinDependency|x86.Build.0 = Release|x86
		{D3EBF03F-16BC-4BE6-9BD2-36E27B8ED743}.Release MinSize|Any CPU.ActiveCfg = Release|Any CPU
		{D3EBF03F-16BC-4BE6-9BD2-36E27B8ED743}.Release MinSize|Any CPU.Build.0 = Release|Any CPU
		{D3EBF03F-16BC-4BE6-9BD2-36E27B8ED743}.Release MinSize|Mixed Platforms.ActiveCfg = Release|x86
		{D3EBF03F-16BC-4BE6-9BD2-36E27B8ED743}.Release MinSize|Mixed Platforms.Build.0 = Release|x86
		{D3EBF03F-16BC-4BE6-9BD2-36E27B8ED743}.Release MinSize|Win32.ActiveCfg = Release|x86
		{D3EBF03F-16BC-4BE6-9BD2-36E27B8ED743}.Release MinSize|Win32.Build.0 = Release|x86
		{D3EBF03F-16BC-4BE6-9BD2-36E27B8ED743}.Release MinSize|x86.ActiveCfg = Release|x86
		{D3EBF03F-16BC-4BE6-9BD2-36E27B8ED743}.Release MinSize|x86.Build.0 = Release|x86
		{D3EBF03F-16BC-4BE6-9BD2-36E27B8ED743}.Release|Any CPU.ActiveCfg = Release|x86
		{D3EBF03F-16BC-4BE6-9BD2-36E27B8ED743}.Release|Any CPU.Build.0 = Release|x86
		{D3EBF03F-16BC-4BE6-9BD2-36E27B8ED743}.Release|Mixed Platforms.ActiveCfg = Release|x86
		{D3EBF03F-16BC-4BE6-9BD2-36E27B8ED743}.Release|Mixed Platforms.Build.0 = Release|x86
		{D3EBF03F-16BC-4BE6-9BD2-36E27B8ED743}.Release|Win32.ActiveCfg = Release|x86
		{D3EBF03F-16BC-4BE6-9BD2-36E27B8ED743}.Release|Win32.Build.0 = Release|x86
		{D3EBF03F-16BC-4BE6-9BD2-36E27B8ED743}.Release|x86.ActiveCfg = Release|x86
		{D3EBF03F-16BC-4BE6-9BD2-36E27B8ED743}.Release|x86.Build.0 = Release|x86
		{D3EBF03F-16BC-4BE6-9BD2-36E27B8ED743}.SingleImage|Any CPU.ActiveCfg = Release|x86
		{D3EBF03F-16BC-4BE6-9BD2-36E27B8ED743}.SingleImage|Mixed Platforms.ActiveCfg = Debug|x86
		{D3EBF03F-16BC-4BE6-9BD2-36E27B8ED743}.SingleImage|Mixed Platforms.Build.0 = Debug|x86
		{D3EBF03F-16BC-4BE6-9BD2-36E27B8ED743}.SingleImage|Win32.ActiveCfg = Debug|x86
		{D3EBF03F-16BC-4BE6-9BD2-36E27B8ED743}.SingleImage|Win32.Build.0 = Debug|x86
		{D3EBF03F-16BC-4BE6-9BD2-36E27B8ED743}.SingleImage|x86.ActiveCfg = Release|x86
		{D3EBF03F-16BC-4BE6-9BD2-36E27B8ED743}.SingleImage|x86.Build.0 = Release|x86
		{D3EBF03F-16BC-4BE6-9BD2-36E27B8ED743}.WebDeployment|Any CPU.ActiveCfg = Release|Any CPU
		{D3EBF03F-16BC-4BE6-9BD2-36E27B8ED743}.WebDeployment|Any CPU.Build.0 = Release|Any CPU
		{D3EBF03F-16BC-4BE6-9BD2-36E27B8ED743}.WebDeployment|Mixed Platforms.ActiveCfg = Debug|x86
		{D3EBF03F-16BC-4BE6-9BD2-36E27B8ED743}.WebDeployment|Mixed Platforms.Build.0 = Debug|x86
		{D3EBF03F-16BC-4BE6-9BD2-36E27B8ED743}.WebDeployment|Win32.ActiveCfg = Debug|x86
		{D3EBF03F-16BC-4BE6-9BD2-36E27B8ED743}.WebDeployment|Win32.Build.0 = Debug|x86
		{D3EBF03F-16BC-4BE6-9BD2-36E27B8ED743}.WebDeployment|x86.ActiveCfg = Debug|x86
		{D3EBF03F-16BC-4BE6-9BD2-36E27B8ED743}.WebDeployment|x86.Build.0 = Debug|x86
		{D3EBF03F-16BC-4BE6-9BD2-36E27B8ED743}.WebDeployment|x86.Deploy.0 = Debug|x86
		{79F0A10A-6879-4495-92E7-C5FB42339A60}.CD_ROM|Any CPU.ActiveCfg = Release|Any CPU
		{79F0A10A-6879-4495-92E7-C5FB42339A60}.CD_ROM|Any CPU.Build.0 = Release|Any CPU
		{79F0A10A-6879-4495-92E7-C5FB42339A60}.CD_ROM|Mixed Platforms.ActiveCfg = Debug|Any CPU
		{79F0A10A-6879-4495-92E7-C5FB42339A60}.CD_ROM|Mixed Platforms.Build.0 = Debug|Any CPU
		{79F0A10A-6879-4495-92E7-C5FB42339A60}.CD_ROM|Win32.ActiveCfg = Debug|Any CPU
		{79F0A10A-6879-4495-92E7-C5FB42339A60}.CD_ROM|x86.ActiveCfg = Release|Any CPU
		{79F0A10A-6879-4495-92E7-C5FB42339A60}.Custom|Any CPU.ActiveCfg = Debug|Any CPU
		{79F0A10A-6879-4495-92E7-C5FB42339A60}.Custom|Any CPU.Build.0 = Debug|Any CPU
		{79F0A10A-6879-4495-92E7-C5FB42339A60}.Custom|Mixed Platforms.ActiveCfg = Debug|Any CPU
		{79F0A10A-6879-4495-92E7-C5FB42339A60}.Custom|Mixed Platforms.Build.0 = Debug|Any CPU
		{79F0A10A-6879-4495-92E7-C5FB42339A60}.Custom|Win32.ActiveCfg = Debug|Any CPU
		{79F0A10A-6879-4495-92E7-C5FB42339A60}.Custom|x86.ActiveCfg = Debug|Any CPU
		{79F0A10A-6879-4495-92E7-C5FB42339A60}.Debug|Any CPU.ActiveCfg = Debug|Any CPU
		{79F0A10A-6879-4495-92E7-C5FB42339A60}.Debug|Any CPU.Build.0 = Debug|Any CPU
		{79F0A10A-6879-4495-92E7-C5FB42339A60}.Debug|Mixed Platforms.ActiveCfg = Debug|Any CPU
		{79F0A10A-6879-4495-92E7-C5FB42339A60}.Debug|Mixed Platforms.Build.0 = Debug|Any CPU
		{79F0A10A-6879-4495-92E7-C5FB42339A60}.Debug|Win32.ActiveCfg = Debug|Any CPU
		{79F0A10A-6879-4495-92E7-C5FB42339A60}.Debug|x86.ActiveCfg = Debug|Any CPU
		{79F0A10A-6879-4495-92E7-C5FB42339A60}.Debug|x86.Build.0 = Debug|Any CPU
		{79F0A10A-6879-4495-92E7-C5FB42339A60}.DVD-10|Any CPU.ActiveCfg = Debug|Any CPU
		{79F0A10A-6879-4495-92E7-C5FB42339A60}.DVD-10|Any CPU.Build.0 = Debug|Any CPU
		{79F0A10A-6879-4495-92E7-C5FB42339A60}.DVD-10|Mixed Platforms.ActiveCfg = Debug|Any CPU
		{79F0A10A-6879-4495-92E7-C5FB42339A60}.DVD-10|Mixed Platforms.Build.0 = Debug|Any CPU
		{79F0A10A-6879-4495-92E7-C5FB42339A60}.DVD-10|Win32.ActiveCfg = Debug|Any CPU
		{79F0A10A-6879-4495-92E7-C5FB42339A60}.DVD-10|x86.ActiveCfg = Debug|Any CPU
		{79F0A10A-6879-4495-92E7-C5FB42339A60}.DVD-18|Any CPU.ActiveCfg = Debug|Any CPU
		{79F0A10A-6879-4495-92E7-C5FB42339A60}.DVD-18|Any CPU.Build.0 = Debug|Any CPU
		{79F0A10A-6879-4495-92E7-C5FB42339A60}.DVD-18|Mixed Platforms.ActiveCfg = Debug|Any CPU
		{79F0A10A-6879-4495-92E7-C5FB42339A60}.DVD-18|Mixed Platforms.Build.0 = Debug|Any CPU
		{79F0A10A-6879-4495-92E7-C5FB42339A60}.DVD-18|Win32.ActiveCfg = Debug|Any CPU
		{79F0A10A-6879-4495-92E7-C5FB42339A60}.DVD-18|x86.ActiveCfg = Debug|Any CPU
		{79F0A10A-6879-4495-92E7-C5FB42339A60}.DVD-5|Any CPU.ActiveCfg = Debug|Any CPU
		{79F0A10A-6879-4495-92E7-C5FB42339A60}.DVD-5|Any CPU.Build.0 = Debug|Any CPU
		{79F0A10A-6879-4495-92E7-C5FB42339A60}.DVD-5|Mixed Platforms.ActiveCfg = Debug|Any CPU
		{79F0A10A-6879-4495-92E7-C5FB42339A60}.DVD-5|Mixed Platforms.Build.0 = Debug|Any CPU
		{79F0A10A-6879-4495-92E7-C5FB42339A60}.DVD-5|Win32.ActiveCfg = Debug|Any CPU
		{79F0A10A-6879-4495-92E7-C5FB42339A60}.DVD-5|x86.ActiveCfg = Debug|Any CPU
		{79F0A10A-6879-4495-92E7-C5FB42339A60}.DVD-9|Any CPU.ActiveCfg = Debug|Any CPU
		{79F0A10A-6879-4495-92E7-C5FB42339A60}.DVD-9|Any CPU.Build.0 = Debug|Any CPU
		{79F0A10A-6879-4495-92E7-C5FB42339A60}.DVD-9|Mixed Platforms.ActiveCfg = Debug|Any CPU
		{79F0A10A-6879-4495-92E7-C5FB42339A60}.DVD-9|Mixed Platforms.Build.0 = Debug|Any CPU
		{79F0A10A-6879-4495-92E7-C5FB42339A60}.DVD-9|Win32.ActiveCfg = Debug|Any CPU
		{79F0A10A-6879-4495-92E7-C5FB42339A60}.DVD-9|x86.ActiveCfg = Debug|Any CPU
		{79F0A10A-6879-4495-92E7-C5FB42339A60}.Release MinDependency|Any CPU.ActiveCfg = Release|Any CPU
		{79F0A10A-6879-4495-92E7-C5FB42339A60}.Release MinDependency|Any CPU.Build.0 = Release|Any CPU
		{79F0A10A-6879-4495-92E7-C5FB42339A60}.Release MinDependency|Mixed Platforms.ActiveCfg = Release|Any CPU
		{79F0A10A-6879-4495-92E7-C5FB42339A60}.Release MinDependency|Mixed Platforms.Build.0 = Release|Any CPU
		{79F0A10A-6879-4495-92E7-C5FB42339A60}.Release MinDependency|Win32.ActiveCfg = Release|Any CPU
		{79F0A10A-6879-4495-92E7-C5FB42339A60}.Release MinDependency|x86.ActiveCfg = Release|Any CPU
		{79F0A10A-6879-4495-92E7-C5FB42339A60}.Release MinSize|Any CPU.ActiveCfg = Release|Any CPU
		{79F0A10A-6879-4495-92E7-C5FB42339A60}.Release MinSize|Any CPU.Build.0 = Release|Any CPU
		{79F0A10A-6879-4495-92E7-C5FB42339A60}.Release MinSize|Mixed Platforms.ActiveCfg = Release|Any CPU
		{79F0A10A-6879-4495-92E7-C5FB42339A60}.Release MinSize|Mixed Platforms.Build.0 = Release|Any CPU
		{79F0A10A-6879-4495-92E7-C5FB42339A60}.Release MinSize|Win32.ActiveCfg = Release|Any CPU
		{79F0A10A-6879-4495-92E7-C5FB42339A60}.Release MinSize|x86.ActiveCfg = Release|Any CPU
		{79F0A10A-6879-4495-92E7-C5FB42339A60}.Release|Any CPU.ActiveCfg = Release|Any CPU
		{79F0A10A-6879-4495-92E7-C5FB42339A60}.Release|Any CPU.Build.0 = Release|Any CPU
		{79F0A10A-6879-4495-92E7-C5FB42339A60}.Release|Mixed Platforms.ActiveCfg = Release|Any CPU
		{79F0A10A-6879-4495-92E7-C5FB42339A60}.Release|Mixed Platforms.Build.0 = Release|Any CPU
		{79F0A10A-6879-4495-92E7-C5FB42339A60}.Release|Win32.ActiveCfg = Release|Any CPU
		{79F0A10A-6879-4495-92E7-C5FB42339A60}.Release|x86.ActiveCfg = Release|Any CPU
		{79F0A10A-6879-4495-92E7-C5FB42339A60}.Release|x86.Build.0 = Release|Any CPU
		{79F0A10A-6879-4495-92E7-C5FB42339A60}.SingleImage|Any CPU.ActiveCfg = Release|Any CPU
		{79F0A10A-6879-4495-92E7-C5FB42339A60}.SingleImage|Any CPU.Build.0 = Release|Any CPU
		{79F0A10A-6879-4495-92E7-C5FB42339A60}.SingleImage|Mixed Platforms.ActiveCfg = Debug|Any CPU
		{79F0A10A-6879-4495-92E7-C5FB42339A60}.SingleImage|Mixed Platforms.Build.0 = Debug|Any CPU
		{79F0A10A-6879-4495-92E7-C5FB42339A60}.SingleImage|Win32.ActiveCfg = Debug|Any CPU
		{79F0A10A-6879-4495-92E7-C5FB42339A60}.SingleImage|x86.ActiveCfg = Release|Any CPU
		{79F0A10A-6879-4495-92E7-C5FB42339A60}.WebDeployment|Any CPU.ActiveCfg = Debug|Any CPU
		{79F0A10A-6879-4495-92E7-C5FB42339A60}.WebDeployment|Any CPU.Build.0 = Debug|Any CPU
		{79F0A10A-6879-4495-92E7-C5FB42339A60}.WebDeployment|Mixed Platforms.ActiveCfg = Debug|Any CPU
		{79F0A10A-6879-4495-92E7-C5FB42339A60}.WebDeployment|Mixed Platforms.Build.0 = Debug|Any CPU
		{79F0A10A-6879-4495-92E7-C5FB42339A60}.WebDeployment|Win32.ActiveCfg = Debug|Any CPU
		{79F0A10A-6879-4495-92E7-C5FB42339A60}.WebDeployment|x86.ActiveCfg = Debug|Any CPU
		{79F0A10A-6879-4495-92E7-C5FB42339A60}.WebDeployment|x86.Build.0 = Debug|Any CPU
		{EEE8F291-0E5B-4DDA-A2B2-E7A1AC01E17B}.CD_ROM|Any CPU.ActiveCfg = Release|Any CPU
		{EEE8F291-0E5B-4DDA-A2B2-E7A1AC01E17B}.CD_ROM|Any CPU.Build.0 = Release|Any CPU
		{EEE8F291-0E5B-4DDA-A2B2-E7A1AC01E17B}.CD_ROM|Mixed Platforms.ActiveCfg = Debug|Any CPU
		{EEE8F291-0E5B-4DDA-A2B2-E7A1AC01E17B}.CD_ROM|Mixed Platforms.Build.0 = Debug|Any CPU
		{EEE8F291-0E5B-4DDA-A2B2-E7A1AC01E17B}.CD_ROM|Win32.ActiveCfg = Debug|Any CPU
		{EEE8F291-0E5B-4DDA-A2B2-E7A1AC01E17B}.CD_ROM|x86.ActiveCfg = Release|Any CPU
		{EEE8F291-0E5B-4DDA-A2B2-E7A1AC01E17B}.Custom|Any CPU.ActiveCfg = Debug|Any CPU
		{EEE8F291-0E5B-4DDA-A2B2-E7A1AC01E17B}.Custom|Any CPU.Build.0 = Debug|Any CPU
		{EEE8F291-0E5B-4DDA-A2B2-E7A1AC01E17B}.Custom|Mixed Platforms.ActiveCfg = Debug|Any CPU
		{EEE8F291-0E5B-4DDA-A2B2-E7A1AC01E17B}.Custom|Mixed Platforms.Build.0 = Debug|Any CPU
		{EEE8F291-0E5B-4DDA-A2B2-E7A1AC01E17B}.Custom|Win32.ActiveCfg = Debug|Any CPU
		{EEE8F291-0E5B-4DDA-A2B2-E7A1AC01E17B}.Custom|x86.ActiveCfg = Debug|Any CPU
		{EEE8F291-0E5B-4DDA-A2B2-E7A1AC01E17B}.Debug|Any CPU.ActiveCfg = Debug|Any CPU
		{EEE8F291-0E5B-4DDA-A2B2-E7A1AC01E17B}.Debug|Any CPU.Build.0 = Debug|Any CPU
		{EEE8F291-0E5B-4DDA-A2B2-E7A1AC01E17B}.Debug|Mixed Platforms.ActiveCfg = Debug|Any CPU
		{EEE8F291-0E5B-4DDA-A2B2-E7A1AC01E17B}.Debug|Mixed Platforms.Build.0 = Debug|Any CPU
		{EEE8F291-0E5B-4DDA-A2B2-E7A1AC01E17B}.Debug|Win32.ActiveCfg = Debug|Any CPU
		{EEE8F291-0E5B-4DDA-A2B2-E7A1AC01E17B}.Debug|x86.ActiveCfg = Debug|Any CPU
		{EEE8F291-0E5B-4DDA-A2B2-E7A1AC01E17B}.Debug|x86.Build.0 = Debug|Any CPU
		{EEE8F291-0E5B-4DDA-A2B2-E7A1AC01E17B}.DVD-10|Any CPU.ActiveCfg = Debug|Any CPU
		{EEE8F291-0E5B-4DDA-A2B2-E7A1AC01E17B}.DVD-10|Any CPU.Build.0 = Debug|Any CPU
		{EEE8F291-0E5B-4DDA-A2B2-E7A1AC01E17B}.DVD-10|Mixed Platforms.ActiveCfg = Debug|Any CPU
		{EEE8F291-0E5B-4DDA-A2B2-E7A1AC01E17B}.DVD-10|Mixed Platforms.Build.0 = Debug|Any CPU
		{EEE8F291-0E5B-4DDA-A2B2-E7A1AC01E17B}.DVD-10|Win32.ActiveCfg = Debug|Any CPU
		{EEE8F291-0E5B-4DDA-A2B2-E7A1AC01E17B}.DVD-10|x86.ActiveCfg = Debug|Any CPU
		{EEE8F291-0E5B-4DDA-A2B2-E7A1AC01E17B}.DVD-18|Any CPU.ActiveCfg = Debug|Any CPU
		{EEE8F291-0E5B-4DDA-A2B2-E7A1AC01E17B}.DVD-18|Any CPU.Build.0 = Debug|Any CPU
		{EEE8F291-0E5B-4DDA-A2B2-E7A1AC01E17B}.DVD-18|Mixed Platforms.ActiveCfg = Debug|Any CPU
		{EEE8F291-0E5B-4DDA-A2B2-E7A1AC01E17B}.DVD-18|Mixed Platforms.Build.0 = Debug|Any CPU
		{EEE8F291-0E5B-4DDA-A2B2-E7A1AC01E17B}.DVD-18|Win32.ActiveCfg = Debug|Any CPU
		{EEE8F291-0E5B-4DDA-A2B2-E7A1AC01E17B}.DVD-18|x86.ActiveCfg = Debug|Any CPU
		{EEE8F291-0E5B-4DDA-A2B2-E7A1AC01E17B}.DVD-5|Any CPU.ActiveCfg = Debug|Any CPU
		{EEE8F291-0E5B-4DDA-A2B2-E7A1AC01E17B}.DVD-5|Any CPU.Build.0 = Debug|Any CPU
		{EEE8F291-0E5B-4DDA-A2B2-E7A1AC01E17B}.DVD-5|Mixed Platforms.ActiveCfg = Debug|Any CPU
		{EEE8F291-0E5B-4DDA-A2B2-E7A1AC01E17B}.DVD-5|Mixed Platforms.Build.0 = Debug|Any CPU
		{EEE8F291-0E5B-4DDA-A2B2-E7A1AC01E17B}.DVD-5|Win32.ActiveCfg = Debug|Any CPU
		{EEE8F291-0E5B-4DDA-A2B2-E7A1AC01E17B}.DVD-5|x86.ActiveCfg = Debug|Any CPU
		{EEE8F291-0E5B-4DDA-A2B2-E7A1AC01E17B}.DVD-9|Any CPU.ActiveCfg = Debug|Any CPU
		{EEE8F291-0E5B-4DDA-A2B2-E7A1AC01E17B}.DVD-9|Any CPU.Build.0 = Debug|Any CPU
		{EEE8F291-0E5B-4DDA-A2B2-E7A1AC01E17B}.DVD-9|Mixed Platforms.ActiveCfg = Debug|Any CPU
		{EEE8F291-0E5B-4DDA-A2B2-E7A1AC01E17B}.DVD-9|Mixed Platforms.Build.0 = Debug|Any CPU
		{EEE8F291-0E5B-4DDA-A2B2-E7A1AC01E17B}.DVD-9|Win32.ActiveCfg = Debug|Any CPU
		{EEE8F291-0E5B-4DDA-A2B2-E7A1AC01E17B}.DVD-9|x86.ActiveCfg = Debug|Any CPU
		{EEE8F291-0E5B-4DDA-A2B2-E7A1AC01E17B}.Release MinDependency|Any CPU.ActiveCfg = Release|Any CPU
		{EEE8F291-0E5B-4DDA-A2B2-E7A1AC01E17B}.Release MinDependency|Any CPU.Build.0 = Release|Any CPU
		{EEE8F291-0E5B-4DDA-A2B2-E7A1AC01E17B}.Release MinDependency|Mixed Platforms.ActiveCfg = Release|Any CPU
		{EEE8F291-0E5B-4DDA-A2B2-E7A1AC01E17B}.Release MinDependency|Mixed Platforms.Build.0 = Release|Any CPU
		{EEE8F291-0E5B-4DDA-A2B2-E7A1AC01E17B}.Release MinDependency|Win32.ActiveCfg = Release|Any CPU
		{EEE8F291-0E5B-4DDA-A2B2-E7A1AC01E17B}.Release MinDependency|x86.ActiveCfg = Release|Any CPU
		{EEE8F291-0E5B-4DDA-A2B2-E7A1AC01E17B}.Release MinSize|Any CPU.ActiveCfg = Release|Any CPU
		{EEE8F291-0E5B-4DDA-A2B2-E7A1AC01E17B}.Release MinSize|Any CPU.Build.0 = Release|Any CPU
		{EEE8F291-0E5B-4DDA-A2B2-E7A1AC01E17B}.Release MinSize|Mixed Platforms.ActiveCfg = Release|Any CPU
		{EEE8F291-0E5B-4DDA-A2B2-E7A1AC01E17B}.Release MinSize|Mixed Platforms.Build.0 = Release|Any CPU
		{EEE8F291-0E5B-4DDA-A2B2-E7A1AC01E17B}.Release MinSize|Win32.ActiveCfg = Release|Any CPU
		{EEE8F291-0E5B-4DDA-A2B2-E7A1AC01E17B}.Release MinSize|x86.ActiveCfg = Release|Any CPU
		{EEE8F291-0E5B-4DDA-A2B2-E7A1AC01E17B}.Release|Any CPU.ActiveCfg = Release|Any CPU
		{EEE8F291-0E5B-4DDA-A2B2-E7A1AC01E17B}.Release|Any CPU.Build.0 = Release|Any CPU
		{EEE8F291-0E5B-4DDA-A2B2-E7A1AC01E17B}.Release|Mixed Platforms.ActiveCfg = Release|Any CPU
		{EEE8F291-0E5B-4DDA-A2B2-E7A1AC01E17B}.Release|Mixed Platforms.Build.0 = Release|Any CPU
		{EEE8F291-0E5B-4DDA-A2B2-E7A1AC01E17B}.Release|Win32.ActiveCfg = Release|Any CPU
		{EEE8F291-0E5B-4DDA-A2B2-E7A1AC01E17B}.Release|x86.ActiveCfg = Release|Any CPU
		{EEE8F291-0E5B-4DDA-A2B2-E7A1AC01E17B}.Release|x86.Build.0 = Release|Any CPU
		{EEE8F291-0E5B-4DDA-A2B2-E7A1AC01E17B}.SingleImage|Any CPU.ActiveCfg = Release|Any CPU
		{EEE8F291-0E5B-4DDA-A2B2-E7A1AC01E17B}.SingleImage|Any CPU.Build.0 = Release|Any CPU
		{EEE8F291-0E5B-4DDA-A2B2-E7A1AC01E17B}.SingleImage|Mixed Platforms.ActiveCfg = Debug|Any CPU
		{EEE8F291-0E5B-4DDA-A2B2-E7A1AC01E17B}.SingleImage|Mixed Platforms.Build.0 = Debug|Any CPU
		{EEE8F291-0E5B-4DDA-A2B2-E7A1AC01E17B}.SingleImage|Win32.ActiveCfg = Debug|Any CPU
		{EEE8F291-0E5B-4DDA-A2B2-E7A1AC01E17B}.SingleImage|x86.ActiveCfg = Release|Any CPU
		{EEE8F291-0E5B-4DDA-A2B2-E7A1AC01E17B}.WebDeployment|Any CPU.ActiveCfg = Debug|Any CPU
		{EEE8F291-0E5B-4DDA-A2B2-E7A1AC01E17B}.WebDeployment|Any CPU.Build.0 = Debug|Any CPU
		{EEE8F291-0E5B-4DDA-A2B2-E7A1AC01E17B}.WebDeployment|Mixed Platforms.ActiveCfg = Debug|Any CPU
		{EEE8F291-0E5B-4DDA-A2B2-E7A1AC01E17B}.WebDeployment|Mixed Platforms.Build.0 = Debug|Any CPU
		{EEE8F291-0E5B-4DDA-A2B2-E7A1AC01E17B}.WebDeployment|Win32.ActiveCfg = Debug|Any CPU
		{EEE8F291-0E5B-4DDA-A2B2-E7A1AC01E17B}.WebDeployment|x86.ActiveCfg = Debug|Any CPU
		{EEE8F291-0E5B-4DDA-A2B2-E7A1AC01E17B}.WebDeployment|x86.Build.0 = Debug|Any CPU
		{63BD7DAA-97F5-46F1-94AE-B948727005A0}.CD_ROM|Any CPU.ActiveCfg = Release|Any CPU
		{63BD7DAA-97F5-46F1-94AE-B948727005A0}.CD_ROM|Any CPU.Build.0 = Release|Any CPU
		{63BD7DAA-97F5-46F1-94AE-B948727005A0}.CD_ROM|Mixed Platforms.ActiveCfg = Debug|Any CPU
		{63BD7DAA-97F5-46F1-94AE-B948727005A0}.CD_ROM|Mixed Platforms.Build.0 = Debug|Any CPU
		{63BD7DAA-97F5-46F1-94AE-B948727005A0}.CD_ROM|Win32.ActiveCfg = Debug|Any CPU
		{63BD7DAA-97F5-46F1-94AE-B948727005A0}.CD_ROM|x86.ActiveCfg = Release|Any CPU
		{63BD7DAA-97F5-46F1-94AE-B948727005A0}.Custom|Any CPU.ActiveCfg = Debug|Any CPU
		{63BD7DAA-97F5-46F1-94AE-B948727005A0}.Custom|Any CPU.Build.0 = Debug|Any CPU
		{63BD7DAA-97F5-46F1-94AE-B948727005A0}.Custom|Mixed Platforms.ActiveCfg = Debug|Any CPU
		{63BD7DAA-97F5-46F1-94AE-B948727005A0}.Custom|Mixed Platforms.Build.0 = Debug|Any CPU
		{63BD7DAA-97F5-46F1-94AE-B948727005A0}.Custom|Win32.ActiveCfg = Debug|Any CPU
		{63BD7DAA-97F5-46F1-94AE-B948727005A0}.Custom|x86.ActiveCfg = Debug|Any CPU
		{63BD7DAA-97F5-46F1-94AE-B948727005A0}.Debug|Any CPU.ActiveCfg = Debug|Any CPU
		{63BD7DAA-97F5-46F1-94AE-B948727005A0}.Debug|Any CPU.Build.0 = Debug|Any CPU
		{63BD7DAA-97F5-46F1-94AE-B948727005A0}.Debug|Mixed Platforms.ActiveCfg = Debug|Any CPU
		{63BD7DAA-97F5-46F1-94AE-B948727005A0}.Debug|Mixed Platforms.Build.0 = Debug|Any CPU
		{63BD7DAA-97F5-46F1-94AE-B948727005A0}.Debug|Win32.ActiveCfg = Debug|Any CPU
		{63BD7DAA-97F5-46F1-94AE-B948727005A0}.Debug|x86.ActiveCfg = Debug|Any CPU
		{63BD7DAA-97F5-46F1-94AE-B948727005A0}.Debug|x86.Build.0 = Debug|Any CPU
		{63BD7DAA-97F5-46F1-94AE-B948727005A0}.DVD-10|Any CPU.ActiveCfg = Debug|Any CPU
		{63BD7DAA-97F5-46F1-94AE-B948727005A0}.DVD-10|Any CPU.Build.0 = Debug|Any CPU
		{63BD7DAA-97F5-46F1-94AE-B948727005A0}.DVD-10|Mixed Platforms.ActiveCfg = Debug|Any CPU
		{63BD7DAA-97F5-46F1-94AE-B948727005A0}.DVD-10|Mixed Platforms.Build.0 = Debug|Any CPU
		{63BD7DAA-97F5-46F1-94AE-B948727005A0}.DVD-10|Win32.ActiveCfg = Debug|Any CPU
		{63BD7DAA-97F5-46F1-94AE-B948727005A0}.DVD-10|x86.ActiveCfg = Debug|Any CPU
		{63BD7DAA-97F5-46F1-94AE-B948727005A0}.DVD-18|Any CPU.ActiveCfg = Debug|Any CPU
		{63BD7DAA-97F5-46F1-94AE-B948727005A0}.DVD-18|Any CPU.Build.0 = Debug|Any CPU
		{63BD7DAA-97F5-46F1-94AE-B948727005A0}.DVD-18|Mixed Platforms.ActiveCfg = Debug|Any CPU
		{63BD7DAA-97F5-46F1-94AE-B948727005A0}.DVD-18|Mixed Platforms.Build.0 = Debug|Any CPU
		{63BD7DAA-97F5-46F1-94AE-B948727005A0}.DVD-18|Win32.ActiveCfg = Debug|Any CPU
		{63BD7DAA-97F5-46F1-94AE-B948727005A0}.DVD-18|x86.ActiveCfg = Debug|Any CPU
		{63BD7DAA-97F5-46F1-94AE-B948727005A0}.DVD-5|Any CPU.ActiveCfg = Debug|Any CPU
		{63BD7DAA-97F5-46F1-94AE-B948727005A0}.DVD-5|Any CPU.Build.0 = Debug|Any CPU
		{63BD7DAA-97F5-46F1-94AE-B948727005A0}.DVD-5|Mixed Platforms.ActiveCfg = Debug|Any CPU
		{63BD7DAA-97F5-46F1-94AE-B948727005A0}.DVD-5|Mixed Platforms.Build.0 = Debug|Any CPU
		{63BD7DAA-97F5-46F1-94AE-B948727005A0}.DVD-5|Win32.ActiveCfg = Debug|Any CPU
		{63BD7DAA-97F5-46F1-94AE-B948727005A0}.DVD-5|x86.ActiveCfg = Debug|Any CPU
		{63BD7DAA-97F5-46F1-94AE-B948727005A0}.DVD-9|Any CPU.ActiveCfg = Debug|Any CPU
		{63BD7DAA-97F5-46F1-94AE-B948727005A0}.DVD-9|Any CPU.Build.0 = Debug|Any CPU
		{63BD7DAA-97F5-46F1-94AE-B948727005A0}.DVD-9|Mixed Platforms.ActiveCfg = Debug|Any CPU
		{63BD7DAA-97F5-46F1-94AE-B948727005A0}.DVD-9|Mixed Platforms.Build.0 = Debug|Any CPU
		{63BD7DAA-97F5-46F1-94AE-B948727005A0}.DVD-9|Win32.ActiveCfg = Debug|Any CPU
		{63BD7DAA-97F5-46F1-94AE-B948727005A0}.DVD-9|x86.ActiveCfg = Debug|Any CPU
		{63BD7DAA-97F5-46F1-94AE-B948727005A0}.Release MinDependency|Any CPU.ActiveCfg = Release|Any CPU
		{63BD7DAA-97F5-46F1-94AE-B948727005A0}.Release MinDependency|Any CPU.Build.0 = Release|Any CPU
		{63BD7DAA-97F5-46F1-94AE-B948727005A0}.Release MinDependency|Mixed Platforms.ActiveCfg = Release|Any CPU
		{63BD7DAA-97F5-46F1-94AE-B948727005A0}.Release MinDependency|Mixed Platforms.Build.0 = Release|Any CPU
		{63BD7DAA-97F5-46F1-94AE-B948727005A0}.Release MinDependency|Win32.ActiveCfg = Release|Any CPU
		{63BD7DAA-97F5-46F1-94AE-B948727005A0}.Release MinDependency|x86.ActiveCfg = Release|Any CPU
		{63BD7DAA-97F5-46F1-94AE-B948727005A0}.Release MinSize|Any CPU.ActiveCfg = Release|Any CPU
		{63BD7DAA-97F5-46F1-94AE-B948727005A0}.Release MinSize|Any CPU.Build.0 = Release|Any CPU
		{63BD7DAA-97F5-46F1-94AE-B948727005A0}.Release MinSize|Mixed Platforms.ActiveCfg = Release|Any CPU
		{63BD7DAA-97F5-46F1-94AE-B948727005A0}.Release MinSize|Mixed Platforms.Build.0 = Release|Any CPU
		{63BD7DAA-97F5-46F1-94AE-B948727005A0}.Release MinSize|Win32.ActiveCfg = Release|Any CPU
		{63BD7DAA-97F5-46F1-94AE-B948727005A0}.Release MinSize|x86.ActiveCfg = Release|Any CPU
		{63BD7DAA-97F5-46F1-94AE-B948727005A0}.Release|Any CPU.ActiveCfg = Release|Any CPU
		{63BD7DAA-97F5-46F1-94AE-B948727005A0}.Release|Any CPU.Build.0 = Release|Any CPU
		{63BD7DAA-97F5-46F1-94AE-B948727005A0}.Release|Mixed Platforms.ActiveCfg = Release|Any CPU
		{63BD7DAA-97F5-46F1-94AE-B948727005A0}.Release|Mixed Platforms.Build.0 = Release|Any CPU
		{63BD7DAA-97F5-46F1-94AE-B948727005A0}.Release|Win32.ActiveCfg = Release|Any CPU
		{63BD7DAA-97F5-46F1-94AE-B948727005A0}.Release|x86.ActiveCfg = Release|Any CPU
		{63BD7DAA-97F5-46F1-94AE-B948727005A0}.Release|x86.Build.0 = Release|Any CPU
		{63BD7DAA-97F5-46F1-94AE-B948727005A0}.SingleImage|Any CPU.ActiveCfg = Release|Any CPU
		{63BD7DAA-97F5-46F1-94AE-B948727005A0}.SingleImage|Any CPU.Build.0 = Release|Any CPU
		{63BD7DAA-97F5-46F1-94AE-B948727005A0}.SingleImage|Mixed Platforms.ActiveCfg = Debug|Any CPU
		{63BD7DAA-97F5-46F1-94AE-B948727005A0}.SingleImage|Mixed Platforms.Build.0 = Debug|Any CPU
		{63BD7DAA-97F5-46F1-94AE-B948727005A0}.SingleImage|Win32.ActiveCfg = Debug|Any CPU
		{63BD7DAA-97F5-46F1-94AE-B948727005A0}.SingleImage|x86.ActiveCfg = Release|Any CPU
		{63BD7DAA-97F5-46F1-94AE-B948727005A0}.WebDeployment|Any CPU.ActiveCfg = Debug|Any CPU
		{63BD7DAA-97F5-46F1-94AE-B948727005A0}.WebDeployment|Any CPU.Build.0 = Debug|Any CPU
		{63BD7DAA-97F5-46F1-94AE-B948727005A0}.WebDeployment|Mixed Platforms.ActiveCfg = Debug|Any CPU
		{63BD7DAA-97F5-46F1-94AE-B948727005A0}.WebDeployment|Mixed Platforms.Build.0 = Debug|Any CPU
		{63BD7DAA-97F5-46F1-94AE-B948727005A0}.WebDeployment|Win32.ActiveCfg = Debug|Any CPU
		{63BD7DAA-97F5-46F1-94AE-B948727005A0}.WebDeployment|x86.ActiveCfg = Debug|Any CPU
		{63BD7DAA-97F5-46F1-94AE-B948727005A0}.WebDeployment|x86.Build.0 = Debug|Any CPU
		{6B8E0B62-EE14-4FBC-BB14-809FA31A113E}.CD_ROM|Any CPU.ActiveCfg = Release|Any CPU
		{6B8E0B62-EE14-4FBC-BB14-809FA31A113E}.CD_ROM|Any CPU.Build.0 = Release|Any CPU
		{6B8E0B62-EE14-4FBC-BB14-809FA31A113E}.CD_ROM|Mixed Platforms.ActiveCfg = Debug|Any CPU
		{6B8E0B62-EE14-4FBC-BB14-809FA31A113E}.CD_ROM|Mixed Platforms.Build.0 = Debug|Any CPU
		{6B8E0B62-EE14-4FBC-BB14-809FA31A113E}.CD_ROM|Win32.ActiveCfg = Debug|Any CPU
		{6B8E0B62-EE14-4FBC-BB14-809FA31A113E}.CD_ROM|x86.ActiveCfg = Release|Any CPU
		{6B8E0B62-EE14-4FBC-BB14-809FA31A113E}.Custom|Any CPU.ActiveCfg = Debug|Any CPU
		{6B8E0B62-EE14-4FBC-BB14-809FA31A113E}.Custom|Any CPU.Build.0 = Debug|Any CPU
		{6B8E0B62-EE14-4FBC-BB14-809FA31A113E}.Custom|Mixed Platforms.ActiveCfg = Debug|Any CPU
		{6B8E0B62-EE14-4FBC-BB14-809FA31A113E}.Custom|Mixed Platforms.Build.0 = Debug|Any CPU
		{6B8E0B62-EE14-4FBC-BB14-809FA31A113E}.Custom|Win32.ActiveCfg = Debug|Any CPU
		{6B8E0B62-EE14-4FBC-BB14-809FA31A113E}.Custom|x86.ActiveCfg = Debug|Any CPU
		{6B8E0B62-EE14-4FBC-BB14-809FA31A113E}.Debug|Any CPU.ActiveCfg = Debug|Any CPU
		{6B8E0B62-EE14-4FBC-BB14-809FA31A113E}.Debug|Any CPU.Build.0 = Debug|Any CPU
		{6B8E0B62-EE14-4FBC-BB14-809FA31A113E}.Debug|Mixed Platforms.ActiveCfg = Debug|Any CPU
		{6B8E0B62-EE14-4FBC-BB14-809FA31A113E}.Debug|Mixed Platforms.Build.0 = Debug|Any CPU
		{6B8E0B62-EE14-4FBC-BB14-809FA31A113E}.Debug|Win32.ActiveCfg = Debug|Any CPU
		{6B8E0B62-EE14-4FBC-BB14-809FA31A113E}.Debug|x86.ActiveCfg = Debug|Any CPU
		{6B8E0B62-EE14-4FBC-BB14-809FA31A113E}.Debug|x86.Build.0 = Debug|Any CPU
		{6B8E0B62-EE14-4FBC-BB14-809FA31A113E}.DVD-10|Any CPU.ActiveCfg = Debug|Any CPU
		{6B8E0B62-EE14-4FBC-BB14-809FA31A113E}.DVD-10|Any CPU.Build.0 = Debug|Any CPU
		{6B8E0B62-EE14-4FBC-BB14-809FA31A113E}.DVD-10|Mixed Platforms.ActiveCfg = Debug|Any CPU
		{6B8E0B62-EE14-4FBC-BB14-809FA31A113E}.DVD-10|Mixed Platforms.Build.0 = Debug|Any CPU
		{6B8E0B62-EE14-4FBC-BB14-809FA31A113E}.DVD-10|Win32.ActiveCfg = Debug|Any CPU
		{6B8E0B62-EE14-4FBC-BB14-809FA31A113E}.DVD-10|x86.ActiveCfg = Debug|Any CPU
		{6B8E0B62-EE14-4FBC-BB14-809FA31A113E}.DVD-18|Any CPU.ActiveCfg = Debug|Any CPU
		{6B8E0B62-EE14-4FBC-BB14-809FA31A113E}.DVD-18|Any CPU.Build.0 = Debug|Any CPU
		{6B8E0B62-EE14-4FBC-BB14-809FA31A113E}.DVD-18|Mixed Platforms.ActiveCfg = Debug|Any CPU
		{6B8E0B62-EE14-4FBC-BB14-809FA31A113E}.DVD-18|Mixed Platforms.Build.0 = Debug|Any CPU
		{6B8E0B62-EE14-4FBC-BB14-809FA31A113E}.DVD-18|Win32.ActiveCfg = Debug|Any CPU
		{6B8E0B62-EE14-4FBC-BB14-809FA31A113E}.DVD-18|x86.ActiveCfg = Debug|Any CPU
		{6B8E0B62-EE14-4FBC-BB14-809FA31A113E}.DVD-5|Any CPU.ActiveCfg = Debug|Any CPU
		{6B8E0B62-EE14-4FBC-BB14-809FA31A113E}.DVD-5|Any CPU.Build.0 = Debug|Any CPU
		{6B8E0B62-EE14-4FBC-BB14-809FA31A113E}.DVD-5|Mixed Platforms.ActiveCfg = Debug|Any CPU
		{6B8E0B62-EE14-4FBC-BB14-809FA31A113E}.DVD-5|Mixed Platforms.Build.0 = Debug|Any CPU
		{6B8E0B62-EE14-4FBC-BB14-809FA31A113E}.DVD-5|Win32.ActiveCfg = Debug|Any CPU
		{6B8E0B62-EE14-4FBC-BB14-809FA31A113E}.DVD-5|x86.ActiveCfg = Debug|Any CPU
		{6B8E0B62-EE14-4FBC-BB14-809FA31A113E}.DVD-9|Any CPU.ActiveCfg = Debug|Any CPU
		{6B8E0B62-EE14-4FBC-BB14-809FA31A113E}.DVD-9|Any CPU.Build.0 = Debug|Any CPU
		{6B8E0B62-EE14-4FBC-BB14-809FA31A113E}.DVD-9|Mixed Platforms.ActiveCfg = Debug|Any CPU
		{6B8E0B62-EE14-4FBC-BB14-809FA31A113E}.DVD-9|Mixed Platforms.Build.0 = Debug|Any CPU
		{6B8E0B62-EE14-4FBC-BB14-809FA31A113E}.DVD-9|Win32.ActiveCfg = Debug|Any CPU
		{6B8E0B62-EE14-4FBC-BB14-809FA31A113E}.DVD-9|x86.ActiveCfg = Debug|Any CPU
		{6B8E0B62-EE14-4FBC-BB14-809FA31A113E}.Release MinDependency|Any CPU.ActiveCfg = Release|Any CPU
		{6B8E0B62-EE14-4FBC-BB14-809FA31A113E}.Release MinDependency|Any CPU.Build.0 = Release|Any CPU
		{6B8E0B62-EE14-4FBC-BB14-809FA31A113E}.Release MinDependency|Mixed Platforms.ActiveCfg = Release|Any CPU
		{6B8E0B62-EE14-4FBC-BB14-809FA31A113E}.Release MinDependency|Mixed Platforms.Build.0 = Release|Any CPU
		{6B8E0B62-EE14-4FBC-BB14-809FA31A113E}.Release MinDependency|Win32.ActiveCfg = Release|Any CPU
		{6B8E0B62-EE14-4FBC-BB14-809FA31A113E}.Release MinDependency|x86.ActiveCfg = Release|Any CPU
		{6B8E0B62-EE14-4FBC-BB14-809FA31A113E}.Release MinSize|Any CPU.ActiveCfg = Release|Any CPU
		{6B8E0B62-EE14-4FBC-BB14-809FA31A113E}.Release MinSize|Any CPU.Build.0 = Release|Any CPU
		{6B8E0B62-EE14-4FBC-BB14-809FA31A113E}.Release MinSize|Mixed Platforms.ActiveCfg = Release|Any CPU
		{6B8E0B62-EE14-4FBC-BB14-809FA31A113E}.Release MinSize|Mixed Platforms.Build.0 = Release|Any CPU
		{6B8E0B62-EE14-4FBC-BB14-809FA31A113E}.Release MinSize|Win32.ActiveCfg = Release|Any CPU
		{6B8E0B62-EE14-4FBC-BB14-809FA31A113E}.Release MinSize|x86.ActiveCfg = Release|Any CPU
		{6B8E0B62-EE14-4FBC-BB14-809FA31A113E}.Release|Any CPU.ActiveCfg = Release|Any CPU
		{6B8E0B62-EE14-4FBC-BB14-809FA31A113E}.Release|Any CPU.Build.0 = Release|Any CPU
		{6B8E0B62-EE14-4FBC-BB14-809FA31A113E}.Release|Mixed Platforms.ActiveCfg = Release|Any CPU
		{6B8E0B62-EE14-4FBC-BB14-809FA31A113E}.Release|Mixed Platforms.Build.0 = Release|Any CPU
		{6B8E0B62-EE14-4FBC-BB14-809FA31A113E}.Release|Win32.ActiveCfg = Release|Any CPU
		{6B8E0B62-EE14-4FBC-BB14-809FA31A113E}.Release|x86.ActiveCfg = Release|Any CPU
		{6B8E0B62-EE14-4FBC-BB14-809FA31A113E}.Release|x86.Build.0 = Release|Any CPU
		{6B8E0B62-EE14-4FBC-BB14-809FA31A113E}.SingleImage|Any CPU.ActiveCfg = Release|Any CPU
		{6B8E0B62-EE14-4FBC-BB14-809FA31A113E}.SingleImage|Any CPU.Build.0 = Release|Any CPU
		{6B8E0B62-EE14-4FBC-BB14-809FA31A113E}.SingleImage|Mixed Platforms.ActiveCfg = Debug|Any CPU
		{6B8E0B62-EE14-4FBC-BB14-809FA31A113E}.SingleImage|Mixed Platforms.Build.0 = Debug|Any CPU
		{6B8E0B62-EE14-4FBC-BB14-809FA31A113E}.SingleImage|Win32.ActiveCfg = Debug|Any CPU
		{6B8E0B62-EE14-4FBC-BB14-809FA31A113E}.SingleImage|x86.ActiveCfg = Release|Any CPU
		{6B8E0B62-EE14-4FBC-BB14-809FA31A113E}.WebDeployment|Any CPU.ActiveCfg = Debug|Any CPU
		{6B8E0B62-EE14-4FBC-BB14-809FA31A113E}.WebDeployment|Any CPU.Build.0 = Debug|Any CPU
		{6B8E0B62-EE14-4FBC-BB14-809FA31A113E}.WebDeployment|Mixed Platforms.ActiveCfg = Debug|Any CPU
		{6B8E0B62-EE14-4FBC-BB14-809FA31A113E}.WebDeployment|Mixed Platforms.Build.0 = Debug|Any CPU
		{6B8E0B62-EE14-4FBC-BB14-809FA31A113E}.WebDeployment|Win32.ActiveCfg = Debug|Any CPU
		{6B8E0B62-EE14-4FBC-BB14-809FA31A113E}.WebDeployment|x86.ActiveCfg = Debug|Any CPU
		{6B8E0B62-EE14-4FBC-BB14-809FA31A113E}.WebDeployment|x86.Build.0 = Debug|Any CPU
		{9A7C5F5D-134D-485B-BAFC-DC1DF32EF612}.CD_ROM|Any CPU.ActiveCfg = Release|Any CPU
		{9A7C5F5D-134D-485B-BAFC-DC1DF32EF612}.CD_ROM|Any CPU.Build.0 = Release|Any CPU
		{9A7C5F5D-134D-485B-BAFC-DC1DF32EF612}.CD_ROM|Mixed Platforms.ActiveCfg = Debug|Any CPU
		{9A7C5F5D-134D-485B-BAFC-DC1DF32EF612}.CD_ROM|Mixed Platforms.Build.0 = Debug|Any CPU
		{9A7C5F5D-134D-485B-BAFC-DC1DF32EF612}.CD_ROM|Win32.ActiveCfg = Debug|Any CPU
		{9A7C5F5D-134D-485B-BAFC-DC1DF32EF612}.CD_ROM|x86.ActiveCfg = Release|Any CPU
		{9A7C5F5D-134D-485B-BAFC-DC1DF32EF612}.Custom|Any CPU.ActiveCfg = Debug|Any CPU
		{9A7C5F5D-134D-485B-BAFC-DC1DF32EF612}.Custom|Any CPU.Build.0 = Debug|Any CPU
		{9A7C5F5D-134D-485B-BAFC-DC1DF32EF612}.Custom|Mixed Platforms.ActiveCfg = Debug|Any CPU
		{9A7C5F5D-134D-485B-BAFC-DC1DF32EF612}.Custom|Mixed Platforms.Build.0 = Debug|Any CPU
		{9A7C5F5D-134D-485B-BAFC-DC1DF32EF612}.Custom|Win32.ActiveCfg = Debug|Any CPU
		{9A7C5F5D-134D-485B-BAFC-DC1DF32EF612}.Custom|x86.ActiveCfg = Debug|Any CPU
		{9A7C5F5D-134D-485B-BAFC-DC1DF32EF612}.Debug|Any CPU.ActiveCfg = Debug|Any CPU
		{9A7C5F5D-134D-485B-BAFC-DC1DF32EF612}.Debug|Any CPU.Build.0 = Debug|Any CPU
		{9A7C5F5D-134D-485B-BAFC-DC1DF32EF612}.Debug|Mixed Platforms.ActiveCfg = Debug|Any CPU
		{9A7C5F5D-134D-485B-BAFC-DC1DF32EF612}.Debug|Mixed Platforms.Build.0 = Debug|Any CPU
		{9A7C5F5D-134D-485B-BAFC-DC1DF32EF612}.Debug|Win32.ActiveCfg = Debug|Any CPU
		{9A7C5F5D-134D-485B-BAFC-DC1DF32EF612}.Debug|x86.ActiveCfg = Debug|Any CPU
		{9A7C5F5D-134D-485B-BAFC-DC1DF32EF612}.Debug|x86.Build.0 = Debug|Any CPU
		{9A7C5F5D-134D-485B-BAFC-DC1DF32EF612}.DVD-10|Any CPU.ActiveCfg = Debug|Any CPU
		{9A7C5F5D-134D-485B-BAFC-DC1DF32EF612}.DVD-10|Any CPU.Build.0 = Debug|Any CPU
		{9A7C5F5D-134D-485B-BAFC-DC1DF32EF612}.DVD-10|Mixed Platforms.ActiveCfg = Debug|Any CPU
		{9A7C5F5D-134D-485B-BAFC-DC1DF32EF612}.DVD-10|Mixed Platforms.Build.0 = Debug|Any CPU
		{9A7C5F5D-134D-485B-BAFC-DC1DF32EF612}.DVD-10|Win32.ActiveCfg = Debug|Any CPU
		{9A7C5F5D-134D-485B-BAFC-DC1DF32EF612}.DVD-10|x86.ActiveCfg = Debug|Any CPU
		{9A7C5F5D-134D-485B-BAFC-DC1DF32EF612}.DVD-18|Any CPU.ActiveCfg = Debug|Any CPU
		{9A7C5F5D-134D-485B-BAFC-DC1DF32EF612}.DVD-18|Any CPU.Build.0 = Debug|Any CPU
		{9A7C5F5D-134D-485B-BAFC-DC1DF32EF612}.DVD-18|Mixed Platforms.ActiveCfg = Debug|Any CPU
		{9A7C5F5D-134D-485B-BAFC-DC1DF32EF612}.DVD-18|Mixed Platforms.Build.0 = Debug|Any CPU
		{9A7C5F5D-134D-485B-BAFC-DC1DF32EF612}.DVD-18|Win32.ActiveCfg = Debug|Any CPU
		{9A7C5F5D-134D-485B-BAFC-DC1DF32EF612}.DVD-18|x86.ActiveCfg = Debug|Any CPU
		{9A7C5F5D-134D-485B-BAFC-DC1DF32EF612}.DVD-5|Any CPU.ActiveCfg = Debug|Any CPU
		{9A7C5F5D-134D-485B-BAFC-DC1DF32EF612}.DVD-5|Any CPU.Build.0 = Debug|Any CPU
		{9A7C5F5D-134D-485B-BAFC-DC1DF32EF612}.DVD-5|Mixed Platforms.ActiveCfg = Debug|Any CPU
		{9A7C5F5D-134D-485B-BAFC-DC1DF32EF612}.DVD-5|Mixed Platforms.Build.0 = Debug|Any CPU
		{9A7C5F5D-134D-485B-BAFC-DC1DF32EF612}.DVD-5|Win32.ActiveCfg = Debug|Any CPU
		{9A7C5F5D-134D-485B-BAFC-DC1DF32EF612}.DVD-5|x86.ActiveCfg = Debug|Any CPU
		{9A7C5F5D-134D-485B-BAFC-DC1DF32EF612}.DVD-9|Any CPU.ActiveCfg = Debug|Any CPU
		{9A7C5F5D-134D-485B-BAFC-DC1DF32EF612}.DVD-9|Any CPU.Build.0 = Debug|Any CPU
		{9A7C5F5D-134D-485B-BAFC-DC1DF32EF612}.DVD-9|Mixed Platforms.ActiveCfg = Debug|Any CPU
		{9A7C5F5D-134D-485B-BAFC-DC1DF32EF612}.DVD-9|Mixed Platforms.Build.0 = Debug|Any CPU
		{9A7C5F5D-134D-485B-BAFC-DC1DF32EF612}.DVD-9|Win32.ActiveCfg = Debug|Any CPU
		{9A7C5F5D-134D-485B-BAFC-DC1DF32EF612}.DVD-9|x86.ActiveCfg = Debug|Any CPU
		{9A7C5F5D-134D-485B-BAFC-DC1DF32EF612}.Release MinDependency|Any CPU.ActiveCfg = Release|Any CPU
		{9A7C5F5D-134D-485B-BAFC-DC1DF32EF612}.Release MinDependency|Any CPU.Build.0 = Release|Any CPU
		{9A7C5F5D-134D-485B-BAFC-DC1DF32EF612}.Release MinDependency|Mixed Platforms.ActiveCfg = Release|Any CPU
		{9A7C5F5D-134D-485B-BAFC-DC1DF32EF612}.Release MinDependency|Mixed Platforms.Build.0 = Release|Any CPU
		{9A7C5F5D-134D-485B-BAFC-DC1DF32EF612}.Release MinDependency|Win32.ActiveCfg = Release|Any CPU
		{9A7C5F5D-134D-485B-BAFC-DC1DF32EF612}.Release MinDependency|x86.ActiveCfg = Release|Any CPU
		{9A7C5F5D-134D-485B-BAFC-DC1DF32EF612}.Release MinSize|Any CPU.ActiveCfg = Release|Any CPU
		{9A7C5F5D-134D-485B-BAFC-DC1DF32EF612}.Release MinSize|Any CPU.Build.0 = Release|Any CPU
		{9A7C5F5D-134D-485B-BAFC-DC1DF32EF612}.Release MinSize|Mixed Platforms.ActiveCfg = Release|Any CPU
		{9A7C5F5D-134D-485B-BAFC-DC1DF32EF612}.Release MinSize|Mixed Platforms.Build.0 = Release|Any CPU
		{9A7C5F5D-134D-485B-BAFC-DC1DF32EF612}.Release MinSize|Win32.ActiveCfg = Release|Any CPU
		{9A7C5F5D-134D-485B-BAFC-DC1DF32EF612}.Release MinSize|x86.ActiveCfg = Release|Any CPU
		{9A7C5F5D-134D-485B-BAFC-DC1DF32EF612}.Release|Any CPU.ActiveCfg = Release|Any CPU
		{9A7C5F5D-134D-485B-BAFC-DC1DF32EF612}.Release|Any CPU.Build.0 = Release|Any CPU
		{9A7C5F5D-134D-485B-BAFC-DC1DF32EF612}.Release|Mixed Platforms.ActiveCfg = Release|Any CPU
		{9A7C5F5D-134D-485B-BAFC-DC1DF32EF612}.Release|Mixed Platforms.Build.0 = Release|Any CPU
		{9A7C5F5D-134D-485B-BAFC-DC1DF32EF612}.Release|Win32.ActiveCfg = Release|Any CPU
		{9A7C5F5D-134D-485B-BAFC-DC1DF32EF612}.Release|x86.ActiveCfg = Release|Any CPU
		{9A7C5F5D-134D-485B-BAFC-DC1DF32EF612}.Release|x86.Build.0 = Release|Any CPU
		{9A7C5F5D-134D-485B-BAFC-DC1DF32EF612}.SingleImage|Any CPU.ActiveCfg = Release|Any CPU
		{9A7C5F5D-134D-485B-BAFC-DC1DF32EF612}.SingleImage|Any CPU.Build.0 = Release|Any CPU
		{9A7C5F5D-134D-485B-BAFC-DC1DF32EF612}.SingleImage|Mixed Platforms.ActiveCfg = Debug|Any CPU
		{9A7C5F5D-134D-485B-BAFC-DC1DF32EF612}.SingleImage|Mixed Platforms.Build.0 = Debug|Any CPU
		{9A7C5F5D-134D-485B-BAFC-DC1DF32EF612}.SingleImage|Win32.ActiveCfg = Debug|Any CPU
		{9A7C5F5D-134D-485B-BAFC-DC1DF32EF612}.SingleImage|x86.ActiveCfg = Release|Any CPU
		{9A7C5F5D-134D-485B-BAFC-DC1DF32EF612}.WebDeployment|Any CPU.ActiveCfg = Debug|Any CPU
		{9A7C5F5D-134D-485B-BAFC-DC1DF32EF612}.WebDeployment|Any CPU.Build.0 = Debug|Any CPU
		{9A7C5F5D-134D-485B-BAFC-DC1DF32EF612}.WebDeployment|Mixed Platforms.ActiveCfg = Debug|Any CPU
		{9A7C5F5D-134D-485B-BAFC-DC1DF32EF612}.WebDeployment|Mixed Platforms.Build.0 = Debug|Any CPU
		{9A7C5F5D-134D-485B-BAFC-DC1DF32EF612}.WebDeployment|Win32.ActiveCfg = Debug|Any CPU
		{9A7C5F5D-134D-485B-BAFC-DC1DF32EF612}.WebDeployment|x86.ActiveCfg = Debug|Any CPU
		{9A7C5F5D-134D-485B-BAFC-DC1DF32EF612}.WebDeployment|x86.Build.0 = Debug|Any CPU
		{C0B4FEC6-275A-4574-BCC4-A06CDCEDCA3F}.CD_ROM|Any CPU.ActiveCfg = Release|Any CPU
		{C0B4FEC6-275A-4574-BCC4-A06CDCEDCA3F}.CD_ROM|Any CPU.Build.0 = Release|Any CPU
		{C0B4FEC6-275A-4574-BCC4-A06CDCEDCA3F}.CD_ROM|Mixed Platforms.ActiveCfg = Debug|Any CPU
		{C0B4FEC6-275A-4574-BCC4-A06CDCEDCA3F}.CD_ROM|Mixed Platforms.Build.0 = Debug|Any CPU
		{C0B4FEC6-275A-4574-BCC4-A06CDCEDCA3F}.CD_ROM|Win32.ActiveCfg = Debug|Any CPU
		{C0B4FEC6-275A-4574-BCC4-A06CDCEDCA3F}.CD_ROM|x86.ActiveCfg = Release|Any CPU
		{C0B4FEC6-275A-4574-BCC4-A06CDCEDCA3F}.Custom|Any CPU.ActiveCfg = Debug|Any CPU
		{C0B4FEC6-275A-4574-BCC4-A06CDCEDCA3F}.Custom|Any CPU.Build.0 = Debug|Any CPU
		{C0B4FEC6-275A-4574-BCC4-A06CDCEDCA3F}.Custom|Mixed Platforms.ActiveCfg = Debug|Any CPU
		{C0B4FEC6-275A-4574-BCC4-A06CDCEDCA3F}.Custom|Mixed Platforms.Build.0 = Debug|Any CPU
		{C0B4FEC6-275A-4574-BCC4-A06CDCEDCA3F}.Custom|Win32.ActiveCfg = Debug|Any CPU
		{C0B4FEC6-275A-4574-BCC4-A06CDCEDCA3F}.Custom|x86.ActiveCfg = Debug|Any CPU
		{C0B4FEC6-275A-4574-BCC4-A06CDCEDCA3F}.Debug|Any CPU.ActiveCfg = Debug|Any CPU
		{C0B4FEC6-275A-4574-BCC4-A06CDCEDCA3F}.Debug|Any CPU.Build.0 = Debug|Any CPU
		{C0B4FEC6-275A-4574-BCC4-A06CDCEDCA3F}.Debug|Mixed Platforms.ActiveCfg = Debug|Any CPU
		{C0B4FEC6-275A-4574-BCC4-A06CDCEDCA3F}.Debug|Mixed Platforms.Build.0 = Debug|Any CPU
		{C0B4FEC6-275A-4574-BCC4-A06CDCEDCA3F}.Debug|Win32.ActiveCfg = Debug|Any CPU
		{C0B4FEC6-275A-4574-BCC4-A06CDCEDCA3F}.Debug|x86.ActiveCfg = Debug|Any CPU
		{C0B4FEC6-275A-4574-BCC4-A06CDCEDCA3F}.Debug|x86.Build.0 = Debug|Any CPU
		{C0B4FEC6-275A-4574-BCC4-A06CDCEDCA3F}.DVD-10|Any CPU.ActiveCfg = Debug|Any CPU
		{C0B4FEC6-275A-4574-BCC4-A06CDCEDCA3F}.DVD-10|Any CPU.Build.0 = Debug|Any CPU
		{C0B4FEC6-275A-4574-BCC4-A06CDCEDCA3F}.DVD-10|Mixed Platforms.ActiveCfg = Debug|Any CPU
		{C0B4FEC6-275A-4574-BCC4-A06CDCEDCA3F}.DVD-10|Mixed Platforms.Build.0 = Debug|Any CPU
		{C0B4FEC6-275A-4574-BCC4-A06CDCEDCA3F}.DVD-10|Win32.ActiveCfg = Debug|Any CPU
		{C0B4FEC6-275A-4574-BCC4-A06CDCEDCA3F}.DVD-10|x86.ActiveCfg = Debug|Any CPU
		{C0B4FEC6-275A-4574-BCC4-A06CDCEDCA3F}.DVD-18|Any CPU.ActiveCfg = Debug|Any CPU
		{C0B4FEC6-275A-4574-BCC4-A06CDCEDCA3F}.DVD-18|Any CPU.Build.0 = Debug|Any CPU
		{C0B4FEC6-275A-4574-BCC4-A06CDCEDCA3F}.DVD-18|Mixed Platforms.ActiveCfg = Debug|Any CPU
		{C0B4FEC6-275A-4574-BCC4-A06CDCEDCA3F}.DVD-18|Mixed Platforms.Build.0 = Debug|Any CPU
		{C0B4FEC6-275A-4574-BCC4-A06CDCEDCA3F}.DVD-18|Win32.ActiveCfg = Debug|Any CPU
		{C0B4FEC6-275A-4574-BCC4-A06CDCEDCA3F}.DVD-18|x86.ActiveCfg = Debug|Any CPU
		{C0B4FEC6-275A-4574-BCC4-A06CDCEDCA3F}.DVD-5|Any CPU.ActiveCfg = Debug|Any CPU
		{C0B4FEC6-275A-4574-BCC4-A06CDCEDCA3F}.DVD-5|Any CPU.Build.0 = Debug|Any CPU
		{C0B4FEC6-275A-4574-BCC4-A06CDCEDCA3F}.DVD-5|Mixed Platforms.ActiveCfg = Debug|Any CPU
		{C0B4FEC6-275A-4574-BCC4-A06CDCEDCA3F}.DVD-5|Mixed Platforms.Build.0 = Debug|Any CPU
		{C0B4FEC6-275A-4574-BCC4-A06CDCEDCA3F}.DVD-5|Win32.ActiveCfg = Debug|Any CPU
		{C0B4FEC6-275A-4574-BCC4-A06CDCEDCA3F}.DVD-5|x86.ActiveCfg = Debug|Any CPU
		{C0B4FEC6-275A-4574-BCC4-A06CDCEDCA3F}.DVD-9|Any CPU.ActiveCfg = Debug|Any CPU
		{C0B4FEC6-275A-4574-BCC4-A06CDCEDCA3F}.DVD-9|Any CPU.Build.0 = Debug|Any CPU
		{C0B4FEC6-275A-4574-BCC4-A06CDCEDCA3F}.DVD-9|Mixed Platforms.ActiveCfg = Debug|Any CPU
		{C0B4FEC6-275A-4574-BCC4-A06CDCEDCA3F}.DVD-9|Mixed Platforms.Build.0 = Debug|Any CPU
		{C0B4FEC6-275A-4574-BCC4-A06CDCEDCA3F}.DVD-9|Win32.ActiveCfg = Debug|Any CPU
		{C0B4FEC6-275A-4574-BCC4-A06CDCEDCA3F}.DVD-9|x86.ActiveCfg = Debug|Any CPU
		{C0B4FEC6-275A-4574-BCC4-A06CDCEDCA3F}.Release MinDependency|Any CPU.ActiveCfg = Release|Any CPU
		{C0B4FEC6-275A-4574-BCC4-A06CDCEDCA3F}.Release MinDependency|Any CPU.Build.0 = Release|Any CPU
		{C0B4FEC6-275A-4574-BCC4-A06CDCEDCA3F}.Release MinDependency|Mixed Platforms.ActiveCfg = Release|Any CPU
		{C0B4FEC6-275A-4574-BCC4-A06CDCEDCA3F}.Release MinDependency|Mixed Platforms.Build.0 = Release|Any CPU
		{C0B4FEC6-275A-4574-BCC4-A06CDCEDCA3F}.Release MinDependency|Win32.ActiveCfg = Release|Any CPU
		{C0B4FEC6-275A-4574-BCC4-A06CDCEDCA3F}.Release MinDependency|x86.ActiveCfg = Release|Any CPU
		{C0B4FEC6-275A-4574-BCC4-A06CDCEDCA3F}.Release MinSize|Any CPU.ActiveCfg = Release|Any CPU
		{C0B4FEC6-275A-4574-BCC4-A06CDCEDCA3F}.Release MinSize|Any CPU.Build.0 = Release|Any CPU
		{C0B4FEC6-275A-4574-BCC4-A06CDCEDCA3F}.Release MinSize|Mixed Platforms.ActiveCfg = Release|Any CPU
		{C0B4FEC6-275A-4574-BCC4-A06CDCEDCA3F}.Release MinSize|Mixed Platforms.Build.0 = Release|Any CPU
		{C0B4FEC6-275A-4574-BCC4-A06CDCEDCA3F}.Release MinSize|Win32.ActiveCfg = Release|Any CPU
		{C0B4FEC6-275A-4574-BCC4-A06CDCEDCA3F}.Release MinSize|x86.ActiveCfg = Release|Any CPU
		{C0B4FEC6-275A-4574-BCC4-A06CDCEDCA3F}.Release|Any CPU.ActiveCfg = Release|Any CPU
		{C0B4FEC6-275A-4574-BCC4-A06CDCEDCA3F}.Release|Any CPU.Build.0 = Release|Any CPU
		{C0B4FEC6-275A-4574-BCC4-A06CDCEDCA3F}.Release|Mixed Platforms.ActiveCfg = Release|Any CPU
		{C0B4FEC6-275A-4574-BCC4-A06CDCEDCA3F}.Release|Mixed Platforms.Build.0 = Release|Any CPU
		{C0B4FEC6-275A-4574-BCC4-A06CDCEDCA3F}.Release|Win32.ActiveCfg = Release|Any CPU
		{C0B4FEC6-275A-4574-BCC4-A06CDCEDCA3F}.Release|x86.ActiveCfg = Release|Any CPU
		{C0B4FEC6-275A-4574-BCC4-A06CDCEDCA3F}.Release|x86.Build.0 = Release|Any CPU
		{C0B4FEC6-275A-4574-BCC4-A06CDCEDCA3F}.SingleImage|Any CPU.ActiveCfg = Release|Any CPU
		{C0B4FEC6-275A-4574-BCC4-A06CDCEDCA3F}.SingleImage|Any CPU.Build.0 = Release|Any CPU
		{C0B4FEC6-275A-4574-BCC4-A06CDCEDCA3F}.SingleImage|Mixed Platforms.ActiveCfg = Debug|Any CPU
		{C0B4FEC6-275A-4574-BCC4-A06CDCEDCA3F}.SingleImage|Mixed Platforms.Build.0 = Debug|Any CPU
		{C0B4FEC6-275A-4574-BCC4-A06CDCEDCA3F}.SingleImage|Win32.ActiveCfg = Debug|Any CPU
		{C0B4FEC6-275A-4574-BCC4-A06CDCEDCA3F}.SingleImage|x86.ActiveCfg = Release|Any CPU
		{C0B4FEC6-275A-4574-BCC4-A06CDCEDCA3F}.WebDeployment|Any CPU.ActiveCfg = Debug|Any CPU
		{C0B4FEC6-275A-4574-BCC4-A06CDCEDCA3F}.WebDeployment|Any CPU.Build.0 = Debug|Any CPU
		{C0B4FEC6-275A-4574-BCC4-A06CDCEDCA3F}.WebDeployment|Mixed Platforms.ActiveCfg = Debug|Any CPU
		{C0B4FEC6-275A-4574-BCC4-A06CDCEDCA3F}.WebDeployment|Mixed Platforms.Build.0 = Debug|Any CPU
		{C0B4FEC6-275A-4574-BCC4-A06CDCEDCA3F}.WebDeployment|Win32.ActiveCfg = Debug|Any CPU
		{C0B4FEC6-275A-4574-BCC4-A06CDCEDCA3F}.WebDeployment|x86.ActiveCfg = Debug|Any CPU
		{C0B4FEC6-275A-4574-BCC4-A06CDCEDCA3F}.WebDeployment|x86.Build.0 = Debug|Any CPU
		{4051EB73-31A4-44E8-AAE6-85E936D34247}.CD_ROM|Any CPU.ActiveCfg = Release|Any CPU
		{4051EB73-31A4-44E8-AAE6-85E936D34247}.CD_ROM|Any CPU.Build.0 = Release|Any CPU
		{4051EB73-31A4-44E8-AAE6-85E936D34247}.CD_ROM|Mixed Platforms.ActiveCfg = Release|Any CPU
		{4051EB73-31A4-44E8-AAE6-85E936D34247}.CD_ROM|Mixed Platforms.Build.0 = Release|Any CPU
		{4051EB73-31A4-44E8-AAE6-85E936D34247}.CD_ROM|Win32.ActiveCfg = Debug|Any CPU
		{4051EB73-31A4-44E8-AAE6-85E936D34247}.CD_ROM|x86.ActiveCfg = Release|Any CPU
		{4051EB73-31A4-44E8-AAE6-85E936D34247}.Custom|Any CPU.ActiveCfg = Release|Any CPU
		{4051EB73-31A4-44E8-AAE6-85E936D34247}.Custom|Any CPU.Build.0 = Release|Any CPU
		{4051EB73-31A4-44E8-AAE6-85E936D34247}.Custom|Mixed Platforms.ActiveCfg = Release|Any CPU
		{4051EB73-31A4-44E8-AAE6-85E936D34247}.Custom|Mixed Platforms.Build.0 = Release|Any CPU
		{4051EB73-31A4-44E8-AAE6-85E936D34247}.Custom|Win32.ActiveCfg = Debug|Any CPU
		{4051EB73-31A4-44E8-AAE6-85E936D34247}.Custom|x86.ActiveCfg = Release|Any CPU
		{4051EB73-31A4-44E8-AAE6-85E936D34247}.Debug|Any CPU.ActiveCfg = Debug|Any CPU
		{4051EB73-31A4-44E8-AAE6-85E936D34247}.Debug|Any CPU.Build.0 = Debug|Any CPU
		{4051EB73-31A4-44E8-AAE6-85E936D34247}.Debug|Mixed Platforms.ActiveCfg = Debug|Any CPU
		{4051EB73-31A4-44E8-AAE6-85E936D34247}.Debug|Mixed Platforms.Build.0 = Debug|Any CPU
		{4051EB73-31A4-44E8-AAE6-85E936D34247}.Debug|Win32.ActiveCfg = Debug|Any CPU
		{4051EB73-31A4-44E8-AAE6-85E936D34247}.Debug|x86.ActiveCfg = Debug|Any CPU
		{4051EB73-31A4-44E8-AAE6-85E936D34247}.DVD-10|Any CPU.ActiveCfg = Debug|Any CPU
		{4051EB73-31A4-44E8-AAE6-85E936D34247}.DVD-10|Any CPU.Build.0 = Debug|Any CPU
		{4051EB73-31A4-44E8-AAE6-85E936D34247}.DVD-10|Mixed Platforms.ActiveCfg = Debug|Any CPU
		{4051EB73-31A4-44E8-AAE6-85E936D34247}.DVD-10|Mixed Platforms.Build.0 = Debug|Any CPU
		{4051EB73-31A4-44E8-AAE6-85E936D34247}.DVD-10|Win32.ActiveCfg = Debug|Any CPU
		{4051EB73-31A4-44E8-AAE6-85E936D34247}.DVD-10|x86.ActiveCfg = Debug|Any CPU
		{4051EB73-31A4-44E8-AAE6-85E936D34247}.DVD-18|Any CPU.ActiveCfg = Debug|Any CPU
		{4051EB73-31A4-44E8-AAE6-85E936D34247}.DVD-18|Any CPU.Build.0 = Debug|Any CPU
		{4051EB73-31A4-44E8-AAE6-85E936D34247}.DVD-18|Mixed Platforms.ActiveCfg = Debug|Any CPU
		{4051EB73-31A4-44E8-AAE6-85E936D34247}.DVD-18|Mixed Platforms.Build.0 = Debug|Any CPU
		{4051EB73-31A4-44E8-AAE6-85E936D34247}.DVD-18|Win32.ActiveCfg = Debug|Any CPU
		{4051EB73-31A4-44E8-AAE6-85E936D34247}.DVD-18|x86.ActiveCfg = Debug|Any CPU
		{4051EB73-31A4-44E8-AAE6-85E936D34247}.DVD-5|Any CPU.ActiveCfg = Debug|Any CPU
		{4051EB73-31A4-44E8-AAE6-85E936D34247}.DVD-5|Any CPU.Build.0 = Debug|Any CPU
		{4051EB73-31A4-44E8-AAE6-85E936D34247}.DVD-5|Mixed Platforms.ActiveCfg = Debug|Any CPU
		{4051EB73-31A4-44E8-AAE6-85E936D34247}.DVD-5|Mixed Platforms.Build.0 = Debug|Any CPU
		{4051EB73-31A4-44E8-AAE6-85E936D34247}.DVD-5|Win32.ActiveCfg = Debug|Any CPU
		{4051EB73-31A4-44E8-AAE6-85E936D34247}.DVD-5|x86.ActiveCfg = Debug|Any CPU
		{4051EB73-31A4-44E8-AAE6-85E936D34247}.DVD-9|Any CPU.ActiveCfg = Debug|Any CPU
		{4051EB73-31A4-44E8-AAE6-85E936D34247}.DVD-9|Any CPU.Build.0 = Debug|Any CPU
		{4051EB73-31A4-44E8-AAE6-85E936D34247}.DVD-9|Mixed Platforms.ActiveCfg = Debug|Any CPU
		{4051EB73-31A4-44E8-AAE6-85E936D34247}.DVD-9|Mixed Platforms.Build.0 = Debug|Any CPU
		{4051EB73-31A4-44E8-AAE6-85E936D34247}.DVD-9|Win32.ActiveCfg = Debug|Any CPU
		{4051EB73-31A4-44E8-AAE6-85E936D34247}.DVD-9|x86.ActiveCfg = Debug|Any CPU
		{4051EB73-31A4-44E8-AAE6-85E936D34247}.Release MinDependency|Any CPU.ActiveCfg = Release|Any CPU
		{4051EB73-31A4-44E8-AAE6-85E936D34247}.Release MinDependency|Any CPU.Build.0 = Release|Any CPU
		{4051EB73-31A4-44E8-AAE6-85E936D34247}.Release MinDependency|Mixed Platforms.ActiveCfg = Release|Any CPU
		{4051EB73-31A4-44E8-AAE6-85E936D34247}.Release MinDependency|Mixed Platforms.Build.0 = Release|Any CPU
		{4051EB73-31A4-44E8-AAE6-85E936D34247}.Release MinDependency|Win32.ActiveCfg = Release|Any CPU
		{4051EB73-31A4-44E8-AAE6-85E936D34247}.Release MinDependency|x86.ActiveCfg = Release|Any CPU
		{4051EB73-31A4-44E8-AAE6-85E936D34247}.Release MinSize|Any CPU.ActiveCfg = Release|Any CPU
		{4051EB73-31A4-44E8-AAE6-85E936D34247}.Release MinSize|Any CPU.Build.0 = Release|Any CPU
		{4051EB73-31A4-44E8-AAE6-85E936D34247}.Release MinSize|Mixed Platforms.ActiveCfg = Release|Any CPU
		{4051EB73-31A4-44E8-AAE6-85E936D34247}.Release MinSize|Mixed Platforms.Build.0 = Release|Any CPU
		{4051EB73-31A4-44E8-AAE6-85E936D34247}.Release MinSize|Win32.ActiveCfg = Release|Any CPU
		{4051EB73-31A4-44E8-AAE6-85E936D34247}.Release MinSize|x86.ActiveCfg = Release|Any CPU
		{4051EB73-31A4-44E8-AAE6-85E936D34247}.Release|Any CPU.ActiveCfg = Release|Any CPU
		{4051EB73-31A4-44E8-AAE6-85E936D34247}.Release|Any CPU.Build.0 = Release|Any CPU
		{4051EB73-31A4-44E8-AAE6-85E936D34247}.Release|Mixed Platforms.ActiveCfg = Release|Any CPU
		{4051EB73-31A4-44E8-AAE6-85E936D34247}.Release|Mixed Platforms.Build.0 = Release|Any CPU
		{4051EB73-31A4-44E8-AAE6-85E936D34247}.Release|Win32.ActiveCfg = Release|Any CPU
		{4051EB73-31A4-44E8-AAE6-85E936D34247}.Release|x86.ActiveCfg = Release|Any CPU
		{4051EB73-31A4-44E8-AAE6-85E936D34247}.SingleImage|Any CPU.ActiveCfg = Release|Any CPU
		{4051EB73-31A4-44E8-AAE6-85E936D34247}.SingleImage|Any CPU.Build.0 = Release|Any CPU
		{4051EB73-31A4-44E8-AAE6-85E936D34247}.SingleImage|Mixed Platforms.ActiveCfg = Release|Any CPU
		{4051EB73-31A4-44E8-AAE6-85E936D34247}.SingleImage|Mixed Platforms.Build.0 = Release|Any CPU
		{4051EB73-31A4-44E8-AAE6-85E936D34247}.SingleImage|Win32.ActiveCfg = Debug|Any CPU
		{4051EB73-31A4-44E8-AAE6-85E936D34247}.SingleImage|x86.ActiveCfg = Release|Any CPU
		{4051EB73-31A4-44E8-AAE6-85E936D34247}.WebDeployment|Any CPU.ActiveCfg = Release|Any CPU
		{4051EB73-31A4-44E8-AAE6-85E936D34247}.WebDeployment|Any CPU.Build.0 = Release|Any CPU
		{4051EB73-31A4-44E8-AAE6-85E936D34247}.WebDeployment|Mixed Platforms.ActiveCfg = Release|Any CPU
		{4051EB73-31A4-44E8-AAE6-85E936D34247}.WebDeployment|Mixed Platforms.Build.0 = Release|Any CPU
		{4051EB73-31A4-44E8-AAE6-85E936D34247}.WebDeployment|Win32.ActiveCfg = Debug|Any CPU
		{4051EB73-31A4-44E8-AAE6-85E936D34247}.WebDeployment|x86.ActiveCfg = Release|Any CPU
		{3F0629B1-DFD0-474C-86B9-8ED215BC66B9}.CD_ROM|Any CPU.ActiveCfg = Release MinSize|Win32
		{3F0629B1-DFD0-474C-86B9-8ED215BC66B9}.CD_ROM|Mixed Platforms.ActiveCfg = Release MinSize|Win32
		{3F0629B1-DFD0-474C-86B9-8ED215BC66B9}.CD_ROM|Mixed Platforms.Build.0 = Release MinSize|Win32
		{3F0629B1-DFD0-474C-86B9-8ED215BC66B9}.CD_ROM|Win32.ActiveCfg = Release MinSize|Win32
		{3F0629B1-DFD0-474C-86B9-8ED215BC66B9}.CD_ROM|Win32.Build.0 = Release MinSize|Win32
		{3F0629B1-DFD0-474C-86B9-8ED215BC66B9}.CD_ROM|x86.ActiveCfg = Release MinSize|Win32
		{3F0629B1-DFD0-474C-86B9-8ED215BC66B9}.CD_ROM|x86.Build.0 = Release MinSize|Win32
		{3F0629B1-DFD0-474C-86B9-8ED215BC66B9}.Custom|Any CPU.ActiveCfg = Release MinSize|Win32
		{3F0629B1-DFD0-474C-86B9-8ED215BC66B9}.Custom|Mixed Platforms.ActiveCfg = Release MinSize|Win32
		{3F0629B1-DFD0-474C-86B9-8ED215BC66B9}.Custom|Mixed Platforms.Build.0 = Release MinSize|Win32
		{3F0629B1-DFD0-474C-86B9-8ED215BC66B9}.Custom|Win32.ActiveCfg = Release MinSize|Win32
		{3F0629B1-DFD0-474C-86B9-8ED215BC66B9}.Custom|Win32.Build.0 = Release MinSize|Win32
		{3F0629B1-DFD0-474C-86B9-8ED215BC66B9}.Custom|x86.ActiveCfg = Release MinSize|Win32
		{3F0629B1-DFD0-474C-86B9-8ED215BC66B9}.Custom|x86.Build.0 = Release MinSize|Win32
		{3F0629B1-DFD0-474C-86B9-8ED215BC66B9}.Debug|Any CPU.ActiveCfg = Debug|Win32
		{3F0629B1-DFD0-474C-86B9-8ED215BC66B9}.Debug|Mixed Platforms.ActiveCfg = Release MinSize|Win32
		{3F0629B1-DFD0-474C-86B9-8ED215BC66B9}.Debug|Mixed Platforms.Build.0 = Release MinSize|Win32
		{3F0629B1-DFD0-474C-86B9-8ED215BC66B9}.Debug|Win32.ActiveCfg = Debug|Win32
		{3F0629B1-DFD0-474C-86B9-8ED215BC66B9}.Debug|Win32.Build.0 = Debug|Win32
		{3F0629B1-DFD0-474C-86B9-8ED215BC66B9}.Debug|x86.ActiveCfg = Debug|Win32
		{3F0629B1-DFD0-474C-86B9-8ED215BC66B9}.Debug|x86.Build.0 = Debug|Win32
		{3F0629B1-DFD0-474C-86B9-8ED215BC66B9}.DVD-10|Any CPU.ActiveCfg = Debug|Win32
		{3F0629B1-DFD0-474C-86B9-8ED215BC66B9}.DVD-10|Mixed Platforms.ActiveCfg = Debug|Win32
		{3F0629B1-DFD0-474C-86B9-8ED215BC66B9}.DVD-10|Mixed Platforms.Build.0 = Debug|Win32
		{3F0629B1-DFD0-474C-86B9-8ED215BC66B9}.DVD-10|Win32.ActiveCfg = Debug|Win32
		{3F0629B1-DFD0-474C-86B9-8ED215BC66B9}.DVD-10|Win32.Build.0 = Debug|Win32
		{3F0629B1-DFD0-474C-86B9-8ED215BC66B9}.DVD-10|x86.ActiveCfg = Debug|Win32
		{3F0629B1-DFD0-474C-86B9-8ED215BC66B9}.DVD-10|x86.Build.0 = Debug|Win32
		{3F0629B1-DFD0-474C-86B9-8ED215BC66B9}.DVD-18|Any CPU.ActiveCfg = Debug|Win32
		{3F0629B1-DFD0-474C-86B9-8ED215BC66B9}.DVD-18|Mixed Platforms.ActiveCfg = Debug|Win32
		{3F0629B1-DFD0-474C-86B9-8ED215BC66B9}.DVD-18|Mixed Platforms.Build.0 = Debug|Win32
		{3F0629B1-DFD0-474C-86B9-8ED215BC66B9}.DVD-18|Win32.ActiveCfg = Debug|Win32
		{3F0629B1-DFD0-474C-86B9-8ED215BC66B9}.DVD-18|Win32.Build.0 = Debug|Win32
		{3F0629B1-DFD0-474C-86B9-8ED215BC66B9}.DVD-18|x86.ActiveCfg = Debug|Win32
		{3F0629B1-DFD0-474C-86B9-8ED215BC66B9}.DVD-18|x86.Build.0 = Debug|Win32
		{3F0629B1-DFD0-474C-86B9-8ED215BC66B9}.DVD-5|Any CPU.ActiveCfg = Debug|Win32
		{3F0629B1-DFD0-474C-86B9-8ED215BC66B9}.DVD-5|Mixed Platforms.ActiveCfg = Debug|Win32
		{3F0629B1-DFD0-474C-86B9-8ED215BC66B9}.DVD-5|Mixed Platforms.Build.0 = Debug|Win32
		{3F0629B1-DFD0-474C-86B9-8ED215BC66B9}.DVD-5|Win32.ActiveCfg = Debug|Win32
		{3F0629B1-DFD0-474C-86B9-8ED215BC66B9}.DVD-5|Win32.Build.0 = Debug|Win32
		{3F0629B1-DFD0-474C-86B9-8ED215BC66B9}.DVD-5|x86.ActiveCfg = Debug|Win32
		{3F0629B1-DFD0-474C-86B9-8ED215BC66B9}.DVD-5|x86.Build.0 = Debug|Win32
		{3F0629B1-DFD0-474C-86B9-8ED215BC66B9}.DVD-9|Any CPU.ActiveCfg = Debug|Win32
		{3F0629B1-DFD0-474C-86B9-8ED215BC66B9}.DVD-9|Mixed Platforms.ActiveCfg = Debug|Win32
		{3F0629B1-DFD0-474C-86B9-8ED215BC66B9}.DVD-9|Mixed Platforms.Build.0 = Debug|Win32
		{3F0629B1-DFD0-474C-86B9-8ED215BC66B9}.DVD-9|Win32.ActiveCfg = Debug|Win32
		{3F0629B1-DFD0-474C-86B9-8ED215BC66B9}.DVD-9|Win32.Build.0 = Debug|Win32
		{3F0629B1-DFD0-474C-86B9-8ED215BC66B9}.DVD-9|x86.ActiveCfg = Debug|Win32
		{3F0629B1-DFD0-474C-86B9-8ED215BC66B9}.DVD-9|x86.Build.0 = Debug|Win32
		{3F0629B1-DFD0-474C-86B9-8ED215BC66B9}.Release MinDependency|Any CPU.ActiveCfg = Release MinDependency|Win32
		{3F0629B1-DFD0-474C-86B9-8ED215BC66B9}.Release MinDependency|Mixed Platforms.ActiveCfg = Release MinDependency|Win32
		{3F0629B1-DFD0-474C-86B9-8ED215BC66B9}.Release MinDependency|Mixed Platforms.Build.0 = Release MinDependency|Win32
		{3F0629B1-DFD0-474C-86B9-8ED215BC66B9}.Release MinDependency|Win32.ActiveCfg = Release MinDependency|Win32
		{3F0629B1-DFD0-474C-86B9-8ED215BC66B9}.Release MinDependency|Win32.Build.0 = Release MinDependency|Win32
		{3F0629B1-DFD0-474C-86B9-8ED215BC66B9}.Release MinDependency|x86.ActiveCfg = Release MinDependency|Win32
		{3F0629B1-DFD0-474C-86B9-8ED215BC66B9}.Release MinDependency|x86.Build.0 = Release MinDependency|Win32
		{3F0629B1-DFD0-474C-86B9-8ED215BC66B9}.Release MinSize|Any CPU.ActiveCfg = Release MinSize|Win32
		{3F0629B1-DFD0-474C-86B9-8ED215BC66B9}.Release MinSize|Mixed Platforms.ActiveCfg = Release MinSize|Win32
		{3F0629B1-DFD0-474C-86B9-8ED215BC66B9}.Release MinSize|Mixed Platforms.Build.0 = Release MinSize|Win32
		{3F0629B1-DFD0-474C-86B9-8ED215BC66B9}.Release MinSize|Win32.ActiveCfg = Release MinSize|Win32
		{3F0629B1-DFD0-474C-86B9-8ED215BC66B9}.Release MinSize|Win32.Build.0 = Release MinSize|Win32
		{3F0629B1-DFD0-474C-86B9-8ED215BC66B9}.Release MinSize|x86.ActiveCfg = Release MinSize|Win32
		{3F0629B1-DFD0-474C-86B9-8ED215BC66B9}.Release MinSize|x86.Build.0 = Release MinSize|Win32
		{3F0629B1-DFD0-474C-86B9-8ED215BC66B9}.Release|Any CPU.ActiveCfg = Release MinSize|Win32
		{3F0629B1-DFD0-474C-86B9-8ED215BC66B9}.Release|Mixed Platforms.ActiveCfg = Release MinSize|Win32
		{3F0629B1-DFD0-474C-86B9-8ED215BC66B9}.Release|Mixed Platforms.Build.0 = Release MinSize|Win32
		{3F0629B1-DFD0-474C-86B9-8ED215BC66B9}.Release|Win32.ActiveCfg = Release MinSize|Win32
		{3F0629B1-DFD0-474C-86B9-8ED215BC66B9}.Release|Win32.Build.0 = Release MinSize|Win32
		{3F0629B1-DFD0-474C-86B9-8ED215BC66B9}.Release|x86.ActiveCfg = Release MinSize|Win32
		{3F0629B1-DFD0-474C-86B9-8ED215BC66B9}.Release|x86.Build.0 = Release MinSize|Win32
		{3F0629B1-DFD0-474C-86B9-8ED215BC66B9}.SingleImage|Any CPU.ActiveCfg = Release MinSize|Win32
		{3F0629B1-DFD0-474C-86B9-8ED215BC66B9}.SingleImage|Mixed Platforms.ActiveCfg = Release MinSize|Win32
		{3F0629B1-DFD0-474C-86B9-8ED215BC66B9}.SingleImage|Mixed Platforms.Build.0 = Release MinSize|Win32
		{3F0629B1-DFD0-474C-86B9-8ED215BC66B9}.SingleImage|Win32.ActiveCfg = Release MinSize|Win32
		{3F0629B1-DFD0-474C-86B9-8ED215BC66B9}.SingleImage|Win32.Build.0 = Release MinSize|Win32
		{3F0629B1-DFD0-474C-86B9-8ED215BC66B9}.SingleImage|x86.ActiveCfg = Release MinSize|Win32
		{3F0629B1-DFD0-474C-86B9-8ED215BC66B9}.SingleImage|x86.Build.0 = Release MinSize|Win32
		{3F0629B1-DFD0-474C-86B9-8ED215BC66B9}.WebDeployment|Any CPU.ActiveCfg = Release MinSize|Win32
		{3F0629B1-DFD0-474C-86B9-8ED215BC66B9}.WebDeployment|Mixed Platforms.ActiveCfg = Release MinSize|Win32
		{3F0629B1-DFD0-474C-86B9-8ED215BC66B9}.WebDeployment|Mixed Platforms.Build.0 = Release MinSize|Win32
		{3F0629B1-DFD0-474C-86B9-8ED215BC66B9}.WebDeployment|Win32.ActiveCfg = Release MinSize|Win32
		{3F0629B1-DFD0-474C-86B9-8ED215BC66B9}.WebDeployment|Win32.Build.0 = Release MinSize|Win32
		{3F0629B1-DFD0-474C-86B9-8ED215BC66B9}.WebDeployment|x86.ActiveCfg = Release MinSize|Win32
		{3F0629B1-DFD0-474C-86B9-8ED215BC66B9}.WebDeployment|x86.Build.0 = Release MinSize|Win32
		{8FEEDDA0-185D-4F31-9920-503C014F5526}.CD_ROM|Any CPU.ActiveCfg = Release|Any CPU
		{8FEEDDA0-185D-4F31-9920-503C014F5526}.CD_ROM|Any CPU.Build.0 = Release|Any CPU
		{8FEEDDA0-185D-4F31-9920-503C014F5526}.CD_ROM|Mixed Platforms.ActiveCfg = Release|Any CPU
		{8FEEDDA0-185D-4F31-9920-503C014F5526}.CD_ROM|Mixed Platforms.Build.0 = Release|Any CPU
		{8FEEDDA0-185D-4F31-9920-503C014F5526}.CD_ROM|Win32.ActiveCfg = Release|Any CPU
		{8FEEDDA0-185D-4F31-9920-503C014F5526}.CD_ROM|x86.ActiveCfg = Release|Any CPU
		{8FEEDDA0-185D-4F31-9920-503C014F5526}.Custom|Any CPU.ActiveCfg = Release|Any CPU
		{8FEEDDA0-185D-4F31-9920-503C014F5526}.Custom|Any CPU.Build.0 = Release|Any CPU
		{8FEEDDA0-185D-4F31-9920-503C014F5526}.Custom|Mixed Platforms.ActiveCfg = Release|Any CPU
		{8FEEDDA0-185D-4F31-9920-503C014F5526}.Custom|Mixed Platforms.Build.0 = Release|Any CPU
		{8FEEDDA0-185D-4F31-9920-503C014F5526}.Custom|Win32.ActiveCfg = Release|Any CPU
		{8FEEDDA0-185D-4F31-9920-503C014F5526}.Custom|x86.ActiveCfg = Release|Any CPU
		{8FEEDDA0-185D-4F31-9920-503C014F5526}.Debug|Any CPU.ActiveCfg = Debug|Any CPU
		{8FEEDDA0-185D-4F31-9920-503C014F5526}.Debug|Any CPU.Build.0 = Debug|Any CPU
		{8FEEDDA0-185D-4F31-9920-503C014F5526}.Debug|Mixed Platforms.ActiveCfg = Debug|Any CPU
		{8FEEDDA0-185D-4F31-9920-503C014F5526}.Debug|Mixed Platforms.Build.0 = Debug|Any CPU
		{8FEEDDA0-185D-4F31-9920-503C014F5526}.Debug|Win32.ActiveCfg = Debug|Any CPU
		{8FEEDDA0-185D-4F31-9920-503C014F5526}.Debug|x86.ActiveCfg = Debug|Any CPU
		{8FEEDDA0-185D-4F31-9920-503C014F5526}.DVD-10|Any CPU.ActiveCfg = Debug|Any CPU
		{8FEEDDA0-185D-4F31-9920-503C014F5526}.DVD-10|Any CPU.Build.0 = Debug|Any CPU
		{8FEEDDA0-185D-4F31-9920-503C014F5526}.DVD-10|Mixed Platforms.ActiveCfg = Debug|Any CPU
		{8FEEDDA0-185D-4F31-9920-503C014F5526}.DVD-10|Mixed Platforms.Build.0 = Debug|Any CPU
		{8FEEDDA0-185D-4F31-9920-503C014F5526}.DVD-10|Win32.ActiveCfg = Debug|Any CPU
		{8FEEDDA0-185D-4F31-9920-503C014F5526}.DVD-10|x86.ActiveCfg = Debug|Any CPU
		{8FEEDDA0-185D-4F31-9920-503C014F5526}.DVD-18|Any CPU.ActiveCfg = Debug|Any CPU
		{8FEEDDA0-185D-4F31-9920-503C014F5526}.DVD-18|Any CPU.Build.0 = Debug|Any CPU
		{8FEEDDA0-185D-4F31-9920-503C014F5526}.DVD-18|Mixed Platforms.ActiveCfg = Debug|Any CPU
		{8FEEDDA0-185D-4F31-9920-503C014F5526}.DVD-18|Mixed Platforms.Build.0 = Debug|Any CPU
		{8FEEDDA0-185D-4F31-9920-503C014F5526}.DVD-18|Win32.ActiveCfg = Debug|Any CPU
		{8FEEDDA0-185D-4F31-9920-503C014F5526}.DVD-18|x86.ActiveCfg = Debug|Any CPU
		{8FEEDDA0-185D-4F31-9920-503C014F5526}.DVD-5|Any CPU.ActiveCfg = Debug|Any CPU
		{8FEEDDA0-185D-4F31-9920-503C014F5526}.DVD-5|Any CPU.Build.0 = Debug|Any CPU
		{8FEEDDA0-185D-4F31-9920-503C014F5526}.DVD-5|Mixed Platforms.ActiveCfg = Debug|Any CPU
		{8FEEDDA0-185D-4F31-9920-503C014F5526}.DVD-5|Mixed Platforms.Build.0 = Debug|Any CPU
		{8FEEDDA0-185D-4F31-9920-503C014F5526}.DVD-5|Win32.ActiveCfg = Debug|Any CPU
		{8FEEDDA0-185D-4F31-9920-503C014F5526}.DVD-5|x86.ActiveCfg = Debug|Any CPU
		{8FEEDDA0-185D-4F31-9920-503C014F5526}.DVD-9|Any CPU.ActiveCfg = Debug|Any CPU
		{8FEEDDA0-185D-4F31-9920-503C014F5526}.DVD-9|Any CPU.Build.0 = Debug|Any CPU
		{8FEEDDA0-185D-4F31-9920-503C014F5526}.DVD-9|Mixed Platforms.ActiveCfg = Debug|Any CPU
		{8FEEDDA0-185D-4F31-9920-503C014F5526}.DVD-9|Mixed Platforms.Build.0 = Debug|Any CPU
		{8FEEDDA0-185D-4F31-9920-503C014F5526}.DVD-9|Win32.ActiveCfg = Debug|Any CPU
		{8FEEDDA0-185D-4F31-9920-503C014F5526}.DVD-9|x86.ActiveCfg = Debug|Any CPU
		{8FEEDDA0-185D-4F31-9920-503C014F5526}.Release MinDependency|Any CPU.ActiveCfg = Release|Any CPU
		{8FEEDDA0-185D-4F31-9920-503C014F5526}.Release MinDependency|Any CPU.Build.0 = Release|Any CPU
		{8FEEDDA0-185D-4F31-9920-503C014F5526}.Release MinDependency|Mixed Platforms.ActiveCfg = Release|Any CPU
		{8FEEDDA0-185D-4F31-9920-503C014F5526}.Release MinDependency|Mixed Platforms.Build.0 = Release|Any CPU
		{8FEEDDA0-185D-4F31-9920-503C014F5526}.Release MinDependency|Win32.ActiveCfg = Release|Any CPU
		{8FEEDDA0-185D-4F31-9920-503C014F5526}.Release MinDependency|x86.ActiveCfg = Release|Any CPU
		{8FEEDDA0-185D-4F31-9920-503C014F5526}.Release MinSize|Any CPU.ActiveCfg = Release|Any CPU
		{8FEEDDA0-185D-4F31-9920-503C014F5526}.Release MinSize|Any CPU.Build.0 = Release|Any CPU
		{8FEEDDA0-185D-4F31-9920-503C014F5526}.Release MinSize|Mixed Platforms.ActiveCfg = Release|Any CPU
		{8FEEDDA0-185D-4F31-9920-503C014F5526}.Release MinSize|Mixed Platforms.Build.0 = Release|Any CPU
		{8FEEDDA0-185D-4F31-9920-503C014F5526}.Release MinSize|Win32.ActiveCfg = Release|Any CPU
		{8FEEDDA0-185D-4F31-9920-503C014F5526}.Release MinSize|x86.ActiveCfg = Release|Any CPU
		{8FEEDDA0-185D-4F31-9920-503C014F5526}.Release|Any CPU.ActiveCfg = Release|Any CPU
		{8FEEDDA0-185D-4F31-9920-503C014F5526}.Release|Any CPU.Build.0 = Release|Any CPU
		{8FEEDDA0-185D-4F31-9920-503C014F5526}.Release|Mixed Platforms.ActiveCfg = Release|Any CPU
		{8FEEDDA0-185D-4F31-9920-503C014F5526}.Release|Mixed Platforms.Build.0 = Release|Any CPU
		{8FEEDDA0-185D-4F31-9920-503C014F5526}.Release|Win32.ActiveCfg = Release|Any CPU
		{8FEEDDA0-185D-4F31-9920-503C014F5526}.Release|x86.ActiveCfg = Release|Any CPU
		{8FEEDDA0-185D-4F31-9920-503C014F5526}.SingleImage|Any CPU.ActiveCfg = Release|Any CPU
		{8FEEDDA0-185D-4F31-9920-503C014F5526}.SingleImage|Any CPU.Build.0 = Release|Any CPU
		{8FEEDDA0-185D-4F31-9920-503C014F5526}.SingleImage|Mixed Platforms.ActiveCfg = Release|Any CPU
		{8FEEDDA0-185D-4F31-9920-503C014F5526}.SingleImage|Mixed Platforms.Build.0 = Release|Any CPU
		{8FEEDDA0-185D-4F31-9920-503C014F5526}.SingleImage|Win32.ActiveCfg = Release|Any CPU
		{8FEEDDA0-185D-4F31-9920-503C014F5526}.SingleImage|x86.ActiveCfg = Release|Any CPU
		{8FEEDDA0-185D-4F31-9920-503C014F5526}.WebDeployment|Any CPU.ActiveCfg = Release|Any CPU
		{8FEEDDA0-185D-4F31-9920-503C014F5526}.WebDeployment|Any CPU.Build.0 = Release|Any CPU
		{8FEEDDA0-185D-4F31-9920-503C014F5526}.WebDeployment|Mixed Platforms.ActiveCfg = Release|Any CPU
		{8FEEDDA0-185D-4F31-9920-503C014F5526}.WebDeployment|Mixed Platforms.Build.0 = Release|Any CPU
		{8FEEDDA0-185D-4F31-9920-503C014F5526}.WebDeployment|Win32.ActiveCfg = Release|Any CPU
		{8FEEDDA0-185D-4F31-9920-503C014F5526}.WebDeployment|x86.ActiveCfg = Release|Any CPU
		{86FBCBDA-52FD-4111-99F0-F6EBCC00AB06}.CD_ROM|Any CPU.ActiveCfg = Release|Any CPU
		{86FBCBDA-52FD-4111-99F0-F6EBCC00AB06}.CD_ROM|Any CPU.Build.0 = Release|Any CPU
		{86FBCBDA-52FD-4111-99F0-F6EBCC00AB06}.CD_ROM|Mixed Platforms.ActiveCfg = Release|Any CPU
		{86FBCBDA-52FD-4111-99F0-F6EBCC00AB06}.CD_ROM|Mixed Platforms.Build.0 = Release|Any CPU
		{86FBCBDA-52FD-4111-99F0-F6EBCC00AB06}.CD_ROM|Win32.ActiveCfg = Release|Any CPU
		{86FBCBDA-52FD-4111-99F0-F6EBCC00AB06}.CD_ROM|x86.ActiveCfg = Release|Any CPU
		{86FBCBDA-52FD-4111-99F0-F6EBCC00AB06}.Custom|Any CPU.ActiveCfg = Release|Any CPU
		{86FBCBDA-52FD-4111-99F0-F6EBCC00AB06}.Custom|Any CPU.Build.0 = Release|Any CPU
		{86FBCBDA-52FD-4111-99F0-F6EBCC00AB06}.Custom|Mixed Platforms.ActiveCfg = Release|Any CPU
		{86FBCBDA-52FD-4111-99F0-F6EBCC00AB06}.Custom|Mixed Platforms.Build.0 = Release|Any CPU
		{86FBCBDA-52FD-4111-99F0-F6EBCC00AB06}.Custom|Win32.ActiveCfg = Release|Any CPU
		{86FBCBDA-52FD-4111-99F0-F6EBCC00AB06}.Custom|x86.ActiveCfg = Release|Any CPU
		{86FBCBDA-52FD-4111-99F0-F6EBCC00AB06}.Debug|Any CPU.ActiveCfg = Debug|Any CPU
		{86FBCBDA-52FD-4111-99F0-F6EBCC00AB06}.Debug|Any CPU.Build.0 = Debug|Any CPU
		{86FBCBDA-52FD-4111-99F0-F6EBCC00AB06}.Debug|Mixed Platforms.ActiveCfg = Debug|Any CPU
		{86FBCBDA-52FD-4111-99F0-F6EBCC00AB06}.Debug|Mixed Platforms.Build.0 = Debug|Any CPU
		{86FBCBDA-52FD-4111-99F0-F6EBCC00AB06}.Debug|Win32.ActiveCfg = Debug|Any CPU
		{86FBCBDA-52FD-4111-99F0-F6EBCC00AB06}.Debug|x86.ActiveCfg = Debug|Any CPU
		{86FBCBDA-52FD-4111-99F0-F6EBCC00AB06}.DVD-10|Any CPU.ActiveCfg = Debug|Any CPU
		{86FBCBDA-52FD-4111-99F0-F6EBCC00AB06}.DVD-10|Any CPU.Build.0 = Debug|Any CPU
		{86FBCBDA-52FD-4111-99F0-F6EBCC00AB06}.DVD-10|Mixed Platforms.ActiveCfg = Debug|Any CPU
		{86FBCBDA-52FD-4111-99F0-F6EBCC00AB06}.DVD-10|Mixed Platforms.Build.0 = Debug|Any CPU
		{86FBCBDA-52FD-4111-99F0-F6EBCC00AB06}.DVD-10|Win32.ActiveCfg = Debug|Any CPU
		{86FBCBDA-52FD-4111-99F0-F6EBCC00AB06}.DVD-10|x86.ActiveCfg = Debug|Any CPU
		{86FBCBDA-52FD-4111-99F0-F6EBCC00AB06}.DVD-18|Any CPU.ActiveCfg = Debug|Any CPU
		{86FBCBDA-52FD-4111-99F0-F6EBCC00AB06}.DVD-18|Any CPU.Build.0 = Debug|Any CPU
		{86FBCBDA-52FD-4111-99F0-F6EBCC00AB06}.DVD-18|Mixed Platforms.ActiveCfg = Debug|Any CPU
		{86FBCBDA-52FD-4111-99F0-F6EBCC00AB06}.DVD-18|Mixed Platforms.Build.0 = Debug|Any CPU
		{86FBCBDA-52FD-4111-99F0-F6EBCC00AB06}.DVD-18|Win32.ActiveCfg = Debug|Any CPU
		{86FBCBDA-52FD-4111-99F0-F6EBCC00AB06}.DVD-18|x86.ActiveCfg = Debug|Any CPU
		{86FBCBDA-52FD-4111-99F0-F6EBCC00AB06}.DVD-5|Any CPU.ActiveCfg = Debug|Any CPU
		{86FBCBDA-52FD-4111-99F0-F6EBCC00AB06}.DVD-5|Any CPU.Build.0 = Debug|Any CPU
		{86FBCBDA-52FD-4111-99F0-F6EBCC00AB06}.DVD-5|Mixed Platforms.ActiveCfg = Debug|Any CPU
		{86FBCBDA-52FD-4111-99F0-F6EBCC00AB06}.DVD-5|Mixed Platforms.Build.0 = Debug|Any CPU
		{86FBCBDA-52FD-4111-99F0-F6EBCC00AB06}.DVD-5|Win32.ActiveCfg = Debug|Any CPU
		{86FBCBDA-52FD-4111-99F0-F6EBCC00AB06}.DVD-5|x86.ActiveCfg = Debug|Any CPU
		{86FBCBDA-52FD-4111-99F0-F6EBCC00AB06}.DVD-9|Any CPU.ActiveCfg = Debug|Any CPU
		{86FBCBDA-52FD-4111-99F0-F6EBCC00AB06}.DVD-9|Any CPU.Build.0 = Debug|Any CPU
		{86FBCBDA-52FD-4111-99F0-F6EBCC00AB06}.DVD-9|Mixed Platforms.ActiveCfg = Debug|Any CPU
		{86FBCBDA-52FD-4111-99F0-F6EBCC00AB06}.DVD-9|Mixed Platforms.Build.0 = Debug|Any CPU
		{86FBCBDA-52FD-4111-99F0-F6EBCC00AB06}.DVD-9|Win32.ActiveCfg = Debug|Any CPU
		{86FBCBDA-52FD-4111-99F0-F6EBCC00AB06}.DVD-9|x86.ActiveCfg = Debug|Any CPU
		{86FBCBDA-52FD-4111-99F0-F6EBCC00AB06}.Release MinDependency|Any CPU.ActiveCfg = Release|Any CPU
		{86FBCBDA-52FD-4111-99F0-F6EBCC00AB06}.Release MinDependency|Any CPU.Build.0 = Release|Any CPU
		{86FBCBDA-52FD-4111-99F0-F6EBCC00AB06}.Release MinDependency|Mixed Platforms.ActiveCfg = Release|Any CPU
		{86FBCBDA-52FD-4111-99F0-F6EBCC00AB06}.Release MinDependency|Mixed Platforms.Build.0 = Release|Any CPU
		{86FBCBDA-52FD-4111-99F0-F6EBCC00AB06}.Release MinDependency|Win32.ActiveCfg = Release|Any CPU
		{86FBCBDA-52FD-4111-99F0-F6EBCC00AB06}.Release MinDependency|x86.ActiveCfg = Release|Any CPU
		{86FBCBDA-52FD-4111-99F0-F6EBCC00AB06}.Release MinSize|Any CPU.ActiveCfg = Release|Any CPU
		{86FBCBDA-52FD-4111-99F0-F6EBCC00AB06}.Release MinSize|Any CPU.Build.0 = Release|Any CPU
		{86FBCBDA-52FD-4111-99F0-F6EBCC00AB06}.Release MinSize|Mixed Platforms.ActiveCfg = Release|Any CPU
		{86FBCBDA-52FD-4111-99F0-F6EBCC00AB06}.Release MinSize|Mixed Platforms.Build.0 = Release|Any CPU
		{86FBCBDA-52FD-4111-99F0-F6EBCC00AB06}.Release MinSize|Win32.ActiveCfg = Release|Any CPU
		{86FBCBDA-52FD-4111-99F0-F6EBCC00AB06}.Release MinSize|x86.ActiveCfg = Release|Any CPU
		{86FBCBDA-52FD-4111-99F0-F6EBCC00AB06}.Release|Any CPU.ActiveCfg = Release|Any CPU
		{86FBCBDA-52FD-4111-99F0-F6EBCC00AB06}.Release|Any CPU.Build.0 = Release|Any CPU
		{86FBCBDA-52FD-4111-99F0-F6EBCC00AB06}.Release|Mixed Platforms.ActiveCfg = Release|Any CPU
		{86FBCBDA-52FD-4111-99F0-F6EBCC00AB06}.Release|Mixed Platforms.Build.0 = Release|Any CPU
		{86FBCBDA-52FD-4111-99F0-F6EBCC00AB06}.Release|Win32.ActiveCfg = Release|Any CPU
		{86FBCBDA-52FD-4111-99F0-F6EBCC00AB06}.Release|x86.ActiveCfg = Release|Any CPU
		{86FBCBDA-52FD-4111-99F0-F6EBCC00AB06}.SingleImage|Any CPU.ActiveCfg = Release|Any CPU
		{86FBCBDA-52FD-4111-99F0-F6EBCC00AB06}.SingleImage|Any CPU.Build.0 = Release|Any CPU
		{86FBCBDA-52FD-4111-99F0-F6EBCC00AB06}.SingleImage|Mixed Platforms.ActiveCfg = Release|Any CPU
		{86FBCBDA-52FD-4111-99F0-F6EBCC00AB06}.SingleImage|Mixed Platforms.Build.0 = Release|Any CPU
		{86FBCBDA-52FD-4111-99F0-F6EBCC00AB06}.SingleImage|Win32.ActiveCfg = Release|Any CPU
		{86FBCBDA-52FD-4111-99F0-F6EBCC00AB06}.SingleImage|x86.ActiveCfg = Release|Any CPU
		{86FBCBDA-52FD-4111-99F0-F6EBCC00AB06}.WebDeployment|Any CPU.ActiveCfg = Release|Any CPU
		{86FBCBDA-52FD-4111-99F0-F6EBCC00AB06}.WebDeployment|Any CPU.Build.0 = Release|Any CPU
		{86FBCBDA-52FD-4111-99F0-F6EBCC00AB06}.WebDeployment|Mixed Platforms.ActiveCfg = Release|Any CPU
		{86FBCBDA-52FD-4111-99F0-F6EBCC00AB06}.WebDeployment|Mixed Platforms.Build.0 = Release|Any CPU
		{86FBCBDA-52FD-4111-99F0-F6EBCC00AB06}.WebDeployment|Win32.ActiveCfg = Release|Any CPU
		{86FBCBDA-52FD-4111-99F0-F6EBCC00AB06}.WebDeployment|x86.ActiveCfg = Release|Any CPU
	EndGlobalSection
	GlobalSection(SolutionProperties) = preSolution
		HideSolutionNode = FALSE
	EndGlobalSection
	GlobalSection(DPCodeReviewSolutionGUID) = preSolution
		DPCodeReviewSolutionGUID = {00000000-0000-0000-0000-000000000000}
	EndGlobalSection
EndGlobal
