<?xml version="1.0" encoding="utf-8"?>
<Project ToolsVersion="4.0" xmlns="http://schemas.microsoft.com/developer/msbuild/2003">
  <ItemGroup>
    <Filter Include="Source Files">
      <UniqueIdentifier>{754b76e7-e492-493b-a028-c1689237af7a}</UniqueIdentifier>
      <Extensions>cpp;c;cxx;rc;def;r;odl;idl;hpj;bat</Extensions>
    </Filter>
    <Filter Include="Header Files">
      <UniqueIdentifier>{63d2a2e6-857f-4263-91af-54c2211272e4}</UniqueIdentifier>
      <Extensions>h;hpp;hxx;hm;inl</Extensions>
    </Filter>
    <Filter Include="Resource Files">
      <UniqueIdentifier>{dd8a91a5-3d73-494a-b916-36649574b1dc}</UniqueIdentifier>
      <Extensions>ico;cur;bmp;dlg;rc2;rct;bin;rgs;gif;jpg;jpeg;jpe</Extensions>
    </Filter>
  </ItemGroup>
  <ItemGroup>
    <ClCompile Include="Alert.cpp">
      <Filter>Source Files</Filter>
    </ClCompile>
    <ClCompile Include="Backtest.cpp">
      <Filter>Source Files</Filter>
    </ClCompile>
    <ClCompile Include="BackTestStatistics.cpp">
      <Filter>Source Files</Filter>
    </ClCompile>
    <ClCompile Include="Scanner.cpp">
      <Filter>Source Files</Filter>
    </ClCompile>
    <ClCompile Include="Script.cpp">
      <Filter>Source Files</Filter>
    </ClCompile>
    <ClCompile Include="ScriptOutput.cpp">
      <Filter>Source Files</Filter>
    </ClCompile>
    <ClCompile Include="StdAfx.cpp">
      <Filter>Source Files</Filter>
    </ClCompile>
    <ClCompile Include="TASDK.cpp">
      <Filter>Source Files</Filter>
    </ClCompile>
    <ClCompile Include="TradeScript.cpp">
      <Filter>Source Files</Filter>
    </ClCompile>
    <ClCompile Include="Validate.cpp">
      <Filter>Source Files</Filter>
    </ClCompile>
  </ItemGroup>
  <ItemGroup>
    <None Include="TradeScript.def">
      <Filter>Source Files</Filter>
    </None>
    <None Include="Alert.rgs">
      <Filter>Resource Files</Filter>
    </None>
    <None Include="Backtest.rgs">
      <Filter>Resource Files</Filter>
    </None>
    <None Include="Scanner.rgs">
      <Filter>Resource Files</Filter>
    </None>
    <None Include="ScriptOutput.rgs">
      <Filter>Resource Files</Filter>
    </None>
    <None Include="Validate.rgs">
      <Filter>Resource Files</Filter>
    </None>
  </ItemGroup>
  <ItemGroup>
    <Midl Include="TradeScript.idl">
      <Filter>Source Files</Filter>
    </Midl>
  </ItemGroup>
  <ItemGroup>
    <ResourceCompile Include="TradeScript.rc">
      <Filter>Source Files</Filter>
    </ResourceCompile>
  </ItemGroup>
  <ItemGroup>
    <ClInclude Include="Alert.h">
      <Filter>Header Files</Filter>
    </ClInclude>
    <ClInclude Include="Backtest.h">
      <Filter>Header Files</Filter>
    </ClInclude>
    <ClInclude Include="BackTestStatistics.h">
      <Filter>Header Files</Filter>
    </ClInclude>
    <ClInclude Include="License.h">
      <Filter>Header Files</Filter>
    </ClInclude>
    <ClInclude Include="Resource.h">
      <Filter>Header Files</Filter>
    </ClInclude>
    <ClInclude Include="Scanner.h">
      <Filter>Header Files</Filter>
    </ClInclude>
    <ClInclude Include="Script.h">
      <Filter>Header Files</Filter>
    </ClInclude>
    <ClInclude Include="ScriptOutput.h">
      <Filter>Header Files</Filter>
    </ClInclude>
    <ClInclude Include="StdAfx.h">
      <Filter>Header Files</Filter>
    </ClInclude>
    <ClInclude Include="TASDK.h">
      <Filter>Header Files</Filter>
    </ClInclude>
    <ClInclude Include="TradeScriptCP.h">
      <Filter>Header Files</Filter>
    </ClInclude>
    <ClInclude Include="Validate.h">
      <Filter>Header Files</Filter>
    </ClInclude>
  </ItemGroup>
</Project>