<?xml version="1.0" encoding="utf-8"?>
<Project ToolsVersion="4.0" xmlns="http://schemas.microsoft.com/developer/msbuild/2003">
  <ItemGroup>
    <Filter Include="Source Files">
      <UniqueIdentifier>{95d867b7-bd7b-4745-b35b-2f0347e96098}</UniqueIdentifier>
      <Extensions>cpp;c;cxx;rc;def;r;odl;idl;hpj;bat</Extensions>
    </Filter>
    <Filter Include="Header Files">
      <UniqueIdentifier>{8f088bc8-f8dc-44c3-80ef-0eae3f875666}</UniqueIdentifier>
      <Extensions>h;hpp;hxx;hm;inl</Extensions>
    </Filter>
    <Filter Include="Resource Files">
      <UniqueIdentifier>{db63bea2-0043-442e-be20-4179c4d60dd5}</UniqueIdentifier>
      <Extensions>ico;cur;bmp;dlg;rc2;rct;bin;rgs;gif;jpg;jpeg;jpe</Extensions>
    </Filter>
  </ItemGroup>
  <ItemGroup>
    <ClCompile Include="CalendarPanel.cpp">
      <Filter>Source Files</Filter>
    </ClCompile>
    <ClCompile Include="tasdk\CBands.cpp">
      <Filter>Source Files</Filter>
    </ClCompile>
    <ClCompile Include="tasdk\CField.cpp">
      <Filter>Source Files</Filter>
    </ClCompile>
    <ClCompile Include="tasdk\CGeneral.cpp">
      <Filter>Source Files</Filter>
    </ClCompile>
    <ClCompile Include="ChartPanel.cpp">
      <Filter>Source Files</Filter>
    </ClCompile>
    <ClCompile Include="tasdk\CIndex.cpp">
      <Filter>Source Files</Filter>
    </ClCompile>
    <ClCompile Include="tasdk\CLinearRegression.cpp">
      <Filter>Source Files</Filter>
    </ClCompile>
    <ClCompile Include="tasdk\CMovingAverage.cpp">
      <Filter>Source Files</Filter>
    </ClCompile>
    <ClCompile Include="tasdk\CNavigator.cpp">
      <Filter>Source Files</Filter>
    </ClCompile>
    <ClCompile Include="tasdk\CNote.cpp">
      <Filter>Source Files</Filter>
    </ClCompile>
    <ClCompile Include="CO.cpp">
      <Filter>Source Files</Filter>
    </ClCompile>
    <ClCompile Include="COL.cpp">
      <Filter>Source Files</Filter>
    </ClCompile>
    <ClCompile Include="tasdk\COscillator.cpp">
      <Filter>Source Files</Filter>
    </ClCompile>
    <ClCompile Include="tasdk\CRecordset.cpp">
      <Filter>Source Files</Filter>
    </ClCompile>
    <ClCompile Include="Date.cpp">
      <Filter>Source Files</Filter>
    </ClCompile>
    <ClCompile Include="DialogReminder.cpp">
      <Filter>Source Files</Filter>
    </ClCompile>
    <ClCompile Include="gbitmapprinter.cpp">
      <Filter>Source Files</Filter>
    </ClCompile>
    <ClCompile Include="Indicator.cpp">
      <Filter>Source Files</Filter>
    </ClCompile>
    <ClCompile Include="Wrappers\IndicatorAccumulativeSwingIndex.cpp">
      <Filter>Source Files</Filter>
    </ClCompile>
    <ClCompile Include="Wrappers\IndicatorAroon.cpp">
      <Filter>Source Files</Filter>
    </ClCompile>
    <ClCompile Include="Wrappers\IndicatorAroonOscillator.cpp">
      <Filter>Source Files</Filter>
    </ClCompile>
    <ClCompile Include="Wrappers\IndicatorBollingerBands.cpp">
      <Filter>Source Files</Filter>
    </ClCompile>
    <ClCompile Include="Wrappers\IndicatorChaikinMoneyFlow.cpp">
      <Filter>Source Files</Filter>
    </ClCompile>
    <ClCompile Include="Wrappers\IndicatorChaikinVolatility.cpp">
      <Filter>Source Files</Filter>
    </ClCompile>
    <ClCompile Include="Wrappers\IndicatorChandeMomentumOscillator.cpp">
      <Filter>Source Files</Filter>
    </ClCompile>
    <ClCompile Include="Wrappers\IndicatorCommodityChannelIndex.cpp">
      <Filter>Source Files</Filter>
    </ClCompile>
    <ClCompile Include="Wrappers\IndicatorComparativeRelativeStrength.cpp">
      <Filter>Source Files</Filter>
    </ClCompile>
    <ClCompile Include="Wrappers\IndicatorCustom.cpp">
      <Filter>Source Files</Filter>
    </ClCompile>
    <ClCompile Include="Wrappers\IndicatorDetrendedPriceOscillator.cpp">
      <Filter>Source Files</Filter>
    </ClCompile>
    <ClCompile Include="Wrappers\IndicatorDirectionalMovementSystem.cpp">
      <Filter>Source Files</Filter>
    </ClCompile>
    <ClCompile Include="Wrappers\IndicatorEaseOfMovement.cpp">
      <Filter>Source Files</Filter>
    </ClCompile>
    <ClCompile Include="Wrappers\IndicatorExponentialMovingAverage.cpp">
      <Filter>Source Files</Filter>
    </ClCompile>
    <ClCompile Include="Wrappers\IndicatorFractalChaosBands.cpp">
      <Filter>Source Files</Filter>
    </ClCompile>
    <ClCompile Include="Wrappers\IndicatorFractalChaosOscillator.cpp">
      <Filter>Source Files</Filter>
    </ClCompile>
    <ClCompile Include="Wrappers\IndicatorHighLowBands.cpp">
      <Filter>Source Files</Filter>
    </ClCompile>
    <ClCompile Include="Wrappers\IndicatorHighMinusLow.cpp">
      <Filter>Source Files</Filter>
    </ClCompile>
    <ClCompile Include="wrappers\IndicatorHistoricalVolatility.cpp">
      <Filter>Source Files</Filter>
    </ClCompile>
    <ClCompile Include="Wrappers\IndicatorLinearRegressionForecast.cpp">
      <Filter>Source Files</Filter>
    </ClCompile>
    <ClCompile Include="Wrappers\IndicatorLinearRegressionIntercept.cpp">
      <Filter>Source Files</Filter>
    </ClCompile>
    <ClCompile Include="Wrappers\IndicatorLinearRegressionRSquared.cpp">
      <Filter>Source Files</Filter>
    </ClCompile>
    <ClCompile Include="Wrappers\IndicatorLinearRegressionSlope.cpp">
      <Filter>Source Files</Filter>
    </ClCompile>
    <ClCompile Include="Wrappers\IndicatorMACD.cpp">
      <Filter>Source Files</Filter>
    </ClCompile>
    <ClCompile Include="wrappers\IndicatorMACDHistogram.cpp">
      <Filter>Source Files</Filter>
    </ClCompile>
    <ClCompile Include="Wrappers\IndicatorMassIndex.cpp">
      <Filter>Source Files</Filter>
    </ClCompile>
    <ClCompile Include="Wrappers\IndicatorMedian.cpp">
      <Filter>Source Files</Filter>
    </ClCompile>
    <ClCompile Include="Wrappers\IndicatorMomentum.cpp">
      <Filter>Source Files</Filter>
    </ClCompile>
    <ClCompile Include="Wrappers\IndicatorMoneyFlowIndex.cpp">
      <Filter>Source Files</Filter>
    </ClCompile>
    <ClCompile Include="Wrappers\IndicatorMovingAverageEnvelope.cpp">
      <Filter>Source Files</Filter>
    </ClCompile>
    <ClCompile Include="Wrappers\IndicatorNegativeVolumeIndex.cpp">
      <Filter>Source Files</Filter>
    </ClCompile>
    <ClCompile Include="Wrappers\IndicatorOnBalanceVolume.cpp">
      <Filter>Source Files</Filter>
    </ClCompile>
    <ClCompile Include="Wrappers\IndicatorParabolicSAR.cpp">
      <Filter>Source Files</Filter>
    </ClCompile>
    <ClCompile Include="Wrappers\IndicatorPerformanceIndex.cpp">
      <Filter>Source Files</Filter>
    </ClCompile>
    <ClCompile Include="Wrappers\IndicatorPositiveVolumeIndex.cpp">
      <Filter>Source Files</Filter>
    </ClCompile>
    <ClCompile Include="Wrappers\IndicatorPriceOscillator.cpp">
      <Filter>Source Files</Filter>
    </ClCompile>
    <ClCompile Include="Wrappers\IndicatorPriceROC.cpp">
      <Filter>Source Files</Filter>
    </ClCompile>
    <ClCompile Include="Wrappers\IndicatorPriceVolumeTrend.cpp">
      <Filter>Source Files</Filter>
    </ClCompile>
    <ClCompile Include="Wrappers\IndicatorPrimeNumberBands.cpp">
      <Filter>Source Files</Filter>
    </ClCompile>
    <ClCompile Include="Wrappers\IndicatorPrimeNumberOscillator.cpp">
      <Filter>Source Files</Filter>
    </ClCompile>
    <ClCompile Include="Wrappers\IndicatorRainbowOscillator.cpp">
      <Filter>Source Files</Filter>
    </ClCompile>
    <ClCompile Include="Wrappers\IndicatorRelativeStrengthIndex.cpp">
      <Filter>Source Files</Filter>
    </ClCompile>
    <ClCompile Include="Wrappers\IndicatorSimpleMovingAverage.cpp">
      <Filter>Source Files</Filter>
    </ClCompile>
    <ClCompile Include="Wrappers\IndicatorStandardDeviation.cpp">
      <Filter>Source Files</Filter>
    </ClCompile>
    <ClCompile Include="Wrappers\IndicatorStochasticMomentumIndex.cpp">
      <Filter>Source Files</Filter>
    </ClCompile>
    <ClCompile Include="Wrappers\IndicatorStochasticOscillator.cpp">
      <Filter>Source Files</Filter>
    </ClCompile>
    <ClCompile Include="Wrappers\IndicatorSwingIndex.cpp">
      <Filter>Source Files</Filter>
    </ClCompile>
    <ClCompile Include="Wrappers\IndicatorTimeSeriesMovingAverage.cpp">
      <Filter>Source Files</Filter>
    </ClCompile>
    <ClCompile Include="Wrappers\IndicatorTradeVolumeIndex.cpp">
      <Filter>Source Files</Filter>
    </ClCompile>
    <ClCompile Include="Wrappers\IndicatorTriangularMovingAverage.cpp">
      <Filter>Source Files</Filter>
    </ClCompile>
    <ClCompile Include="Wrappers\IndicatorTRIX.cpp">
      <Filter>Source Files</Filter>
    </ClCompile>
    <ClCompile Include="Wrappers\IndicatorTrueRange.cpp">
      <Filter>Source Files</Filter>
    </ClCompile>
    <ClCompile Include="Wrappers\IndicatorTypeicalPrice.cpp">
      <Filter>Source Files</Filter>
    </ClCompile>
    <ClCompile Include="Wrappers\IndicatorUltimateOscillator.cpp">
      <Filter>Source Files</Filter>
    </ClCompile>
    <ClCompile Include="Wrappers\IndicatorVariableMovingAverage.cpp">
      <Filter>Source Files</Filter>
    </ClCompile>
    <ClCompile Include="Wrappers\IndicatorVerticalHorizontalFilter.cpp">
      <Filter>Source Files</Filter>
    </ClCompile>
    <ClCompile Include="Wrappers\IndicatorVIDYA.cpp">
      <Filter>Source Files</Filter>
    </ClCompile>
    <ClCompile Include="Wrappers\IndicatorVolumeOscillator.cpp">
      <Filter>Source Files</Filter>
    </ClCompile>
    <ClCompile Include="Wrappers\IndicatorVolumeROC.cpp">
      <Filter>Source Files</Filter>
    </ClCompile>
    <ClCompile Include="Wrappers\IndicatorWeightedClose.cpp">
      <Filter>Source Files</Filter>
    </ClCompile>
    <ClCompile Include="Wrappers\IndicatorWeightedMovingAverage.cpp">
      <Filter>Source Files</Filter>
    </ClCompile>
    <ClCompile Include="Wrappers\IndicatorWellesWilderSmoothing.cpp">
      <Filter>Source Files</Filter>
    </ClCompile>
    <ClCompile Include="Wrappers\IndicatorWilliamsAccumulationDistribution.cpp">
      <Filter>Source Files</Filter>
    </ClCompile>
    <ClCompile Include="Wrappers\IndicatorWilliamsPctR.cpp">
      <Filter>Source Files</Filter>
    </ClCompile>
    <ClCompile Include="IndPropDlg.cpp">
      <Filter>Source Files</Filter>
    </ClCompile>
    <ClCompile Include="IOStructures.cpp">
      <Filter>Source Files</Filter>
    </ClCompile>
    <ClCompile Include="LineStandard.cpp">
      <Filter>Source Files</Filter>
    </ClCompile>
    <ClCompile Include="LineStudyEllipse.cpp">
      <Filter>Source Files</Filter>
    </ClCompile>
    <ClCompile Include="LineStudyErrorChannel.cpp">
      <Filter>Source Files</Filter>
    </ClCompile>
    <ClCompile Include="LineStudyFibonacciArcs.cpp">
      <Filter>Source Files</Filter>
    </ClCompile>
    <ClCompile Include="LineStudyFibonacciFan.cpp">
      <Filter>Source Files</Filter>
    </ClCompile>
    <ClCompile Include="LineStudyFibonacciRetracements.cpp">
      <Filter>Source Files</Filter>
    </ClCompile>
    <ClCompile Include="LineStudyFibonacciTimeZones.cpp">
      <Filter>Source Files</Filter>
    </ClCompile>
    <ClCompile Include="LineStudyFreehand.cpp">
      <Filter>Source Files</Filter>
    </ClCompile>
    <ClCompile Include="LineStudyGannFan.cpp">
      <Filter>Source Files</Filter>
    </ClCompile>
    <ClCompile Include="LineStudyQuadrantLines.cpp">
      <Filter>Source Files</Filter>
    </ClCompile>
    <ClCompile Include="LineStudyRaffRegression.cpp">
      <Filter>Source Files</Filter>
    </ClCompile>
    <ClCompile Include="LineStudyRectangle.cpp">
      <Filter>Source Files</Filter>
    </ClCompile>
    <ClCompile Include="LineStudySpeedLines.cpp">
      <Filter>Source Files</Filter>
    </ClCompile>
    <ClCompile Include="LineStudyTironeLevels.cpp">
      <Filter>Source Files</Filter>
    </ClCompile>
    <ClCompile Include="PriceStyle.cpp">
      <Filter>Source Files</Filter>
    </ClCompile>
    <ClCompile Include="PriceStyleEquiVolume.cpp">
      <Filter>Source Files</Filter>
    </ClCompile>
    <ClCompile Include="PriceStyleHeikinAshi.cpp">
      <Filter>Source Files</Filter>
    </ClCompile>
    <ClCompile Include="PriceStyleKagi.cpp">
      <Filter>Source Files</Filter>
    </ClCompile>
    <ClCompile Include="PriceStylePointAndFigure.cpp">
      <Filter>Source Files</Filter>
    </ClCompile>
    <ClCompile Include="PriceStyleRenko.cpp">
      <Filter>Source Files</Filter>
    </ClCompile>
    <ClCompile Include="PriceStyleThreeLineBreak.cpp">
      <Filter>Source Files</Filter>
    </ClCompile>
    <ClCompile Include="SerializerX.cpp">
      <Filter>Source Files</Filter>
    </ClCompile>
    <ClCompile Include="Series.cpp">
      <Filter>Source Files</Filter>
    </ClCompile>
    <ClCompile Include="SeriesStandard.cpp">
      <Filter>Source Files</Filter>
    </ClCompile>
    <ClCompile Include="SeriesStock.cpp">
      <Filter>Source Files</Filter>
    </ClCompile>
    <ClCompile Include="StdAfx.cpp">
      <Filter>Source Files</Filter>
    </ClCompile>
    <ClCompile Include="StockChartX.cpp">
      <Filter>Source Files</Filter>
    </ClCompile>
    <ClCompile Include="StockChartXCtl.cpp">
      <Filter>Source Files</Filter>
    </ClCompile>
    <ClCompile Include="SymbolObject.cpp">
      <Filter>Source Files</Filter>
    </ClCompile>
    <ClCompile Include="tasdk\TASDK.cpp">
      <Filter>Source Files</Filter>
    </ClCompile>
    <ClCompile Include="TextArea.cpp">
      <Filter>Source Files</Filter>
    </ClCompile>
    <ClCompile Include="ValueView.cpp">
      <Filter>Source Files</Filter>
    </ClCompile>
    <ClCompile Include="XML.cpp">
      <Filter>Source Files</Filter>
    </ClCompile>
    <ClCompile Include="LineStudyTriangle.cpp">
      <Filter>Source Files</Filter>
    </ClCompile>
    <ClCompile Include="Coordinates.cpp">
      <Filter>Source Files</Filter>
    </ClCompile>
    <ClCompile Include="Candle.cpp">
      <Filter>Source Files</Filter>
    </ClCompile>
    <ClCompile Include="LineStudyChannel.cpp">
      <Filter>Source Files</Filter>
    </ClCompile>
    <ClCompile Include="LineStudyFibonacciProgression.cpp">
      <Filter>Source Files</Filter>
    </ClCompile>
    <ClCompile Include="LineStudyPolyline.cpp">
      <Filter>Source Files</Filter>
    </ClCompile>
    <ClCompile Include="IndicatorVolume.cpp">
      <Filter>Source Files</Filter>
    </ClCompile>
    <ClCompile Include="IndicatorGenericMovingAverage.cpp">
      <Filter>Source Files</Filter>
    </ClCompile>
    <ClCompile Include="PDCHandler.cpp">
      <Filter>Source Files</Filter>
    </ClCompile>
    <ClCompile Include="IndicatorHILOActivator.cpp">
      <Filter>Source Files</Filter>
    </ClCompile>
    <ClCompile Include="PointF.cpp">
      <Filter>Source Files</Filter>
    </ClCompile>
    <ClCompile Include="RectF.cpp">
      <Filter>Source Files</Filter>
    </ClCompile>
    <ClCompile Include="IndicatorADX.cpp">
      <Filter>Source Files</Filter>
    </ClCompile>
    <ClCompile Include="wrappers\IndicatorDI.cpp">
      <Filter>Source Files</Filter>
    </ClCompile>
    <ClCompile Include="IndicatorAccumulationDistribution.cpp">
      <Filter>Source Files</Filter>
    </ClCompile>
  </ItemGroup>
  <ItemGroup>
    <None Include="StockChartX.def">
      <Filter>Source Files</Filter>
    </None>
    <None Include="bitmap1.bmp">
      <Filter>Resource Files</Filter>
    </None>
    <None Include="buy.bmp">
      <Filter>Resource Files</Filter>
    </None>
    <None Include="cur00001.cur">
      <Filter>Resource Files</Filter>
    </None>
    <None Include="cur00002.cur">
      <Filter>Resource Files</Filter>
    </None>
    <None Include="cur00003.cur">
      <Filter>Resource Files</Filter>
    </None>
    <None Include="cur00004.cur">
      <Filter>Resource Files</Filter>
    </None>
    <None Include="cur00005.cur">
      <Filter>Resource Files</Filter>
    </None>
    <None Include="cur00006.cur">
      <Filter>Resource Files</Filter>
    </None>
    <None Include="cur00007.cur">
      <Filter>Resource Files</Filter>
    </None>
    <None Include="cur00008.cur">
      <Filter>Resource Files</Filter>
    </None>
    <None Include="cur00009.cur">
      <Filter>Resource Files</Filter>
    </None>
    <None Include="cur00010.cur">
      <Filter>Resource Files</Filter>
    </None>
    <None Include="cur00011.cur">
      <Filter>Resource Files</Filter>
    </None>
    <None Include="cur00012.cur">
      <Filter>Resource Files</Filter>
    </None>
    <None Include="cursor1.cur">
      <Filter>Resource Files</Filter>
    </None>
    <None Include="ExitLong.bmp">
      <Filter>Resource Files</Filter>
    </None>
    <None Include="ExitShort.bmp">
      <Filter>Resource Files</Filter>
    </None>
    <None Include="ico00001.ico">
      <Filter>Resource Files</Filter>
    </None>
    <None Include="icon1.ico">
      <Filter>Resource Files</Filter>
    </None>
    <None Include="License.txt">
      <Filter>Resource Files</Filter>
    </None>
    <None Include="Outlook.ico">
      <Filter>Resource Files</Filter>
    </None>
    <None Include="..\..\Misc\Icons\pointer.ico">
      <Filter>Resource Files</Filter>
    </None>
    <None Include="sell.bmp">
      <Filter>Resource Files</Filter>
    </None>
    <None Include="SignalPrice.bmp">
      <Filter>Resource Files</Filter>
    </None>
    <None Include="stockchartx.bmp">
      <Filter>Resource Files</Filter>
    </None>
    <None Include="StockChartX.ico">
      <Filter>Resource Files</Filter>
    </None>
    <None Include="StockChartXCtl.bmp">
      <Filter>Resource Files</Filter>
    </None>
    <None Include="plena_cinza.png">
      <Filter>Resource Files</Filter>
    </None>
  </ItemGroup>
  <ItemGroup>
    <Midl Include="StockChartX.odl">
      <Filter>Source Files</Filter>
    </Midl>
  </ItemGroup>
  <ItemGroup>
    <ResourceCompile Include="StockChartX.rc">
      <Filter>Source Files</Filter>
    </ResourceCompile>
  </ItemGroup>
  <ItemGroup>
    <ClInclude Include="tasdk\Bands.h">
      <Filter>Header Files</Filter>
    </ClInclude>
    <ClInclude Include="CalendarPanel.h">
      <Filter>Header Files</Filter>
    </ClInclude>
    <ClInclude Include="ChartPanel.h">
      <Filter>Header Files</Filter>
    </ClInclude>
    <ClInclude Include="CO.h">
      <Filter>Header Files</Filter>
    </ClInclude>
    <ClInclude Include="COL.h">
      <Filter>Header Files</Filter>
    </ClInclude>
    <ClInclude Include="Date.h">
      <Filter>Header Files</Filter>
    </ClInclude>
    <ClInclude Include="DialogReminder.h">
      <Filter>Header Files</Filter>
    </ClInclude>
    <ClInclude Include="tasdk\Field.h">
      <Filter>Header Files</Filter>
    </ClInclude>
    <ClInclude Include="gbitmapprinter.h">
      <Filter>Header Files</Filter>
    </ClInclude>
    <ClInclude Include="tasdk\General.h">
      <Filter>Header Files</Filter>
    </ClInclude>
    <ClInclude Include="tasdk\Index.h">
      <Filter>Header Files</Filter>
    </ClInclude>
    <ClInclude Include="Indicator.h">
      <Filter>Header Files</Filter>
    </ClInclude>
    <ClInclude Include="Wrappers\IndicatorAccumulativeSwingIndex.h">
      <Filter>Header Files</Filter>
    </ClInclude>
    <ClInclude Include="Wrappers\IndicatorAroon.h">
      <Filter>Header Files</Filter>
    </ClInclude>
    <ClInclude Include="Wrappers\IndicatorAroonOscillator.h">
      <Filter>Header Files</Filter>
    </ClInclude>
    <ClInclude Include="Wrappers\IndicatorBollingerBands.h">
      <Filter>Header Files</Filter>
    </ClInclude>
    <ClInclude Include="Wrappers\IndicatorChaikinMoneyFlow.h">
      <Filter>Header Files</Filter>
    </ClInclude>
    <ClInclude Include="Wrappers\IndicatorChaikinVolatility.h">
      <Filter>Header Files</Filter>
    </ClInclude>
    <ClInclude Include="Wrappers\IndicatorChandeMomentumOscillator.h">
      <Filter>Header Files</Filter>
    </ClInclude>
    <ClInclude Include="Wrappers\IndicatorCommodityChannelIndex.h">
      <Filter>Header Files</Filter>
    </ClInclude>
    <ClInclude Include="Wrappers\IndicatorComparativeRelativeStrength.h">
      <Filter>Header Files</Filter>
    </ClInclude>
    <ClInclude Include="Wrappers\IndicatorCustom.h">
      <Filter>Header Files</Filter>
    </ClInclude>
    <ClInclude Include="Wrappers\IndicatorDetrendedPriceOscillator.h">
      <Filter>Header Files</Filter>
    </ClInclude>
    <ClInclude Include="Wrappers\IndicatorDirectionalMovementSystem.h">
      <Filter>Header Files</Filter>
    </ClInclude>
    <ClInclude Include="Wrappers\IndicatorEaseOfMovement.h">
      <Filter>Header Files</Filter>
    </ClInclude>
    <ClInclude Include="Wrappers\IndicatorExponentialMovingAverage.h">
      <Filter>Header Files</Filter>
    </ClInclude>
    <ClInclude Include="Wrappers\IndicatorFractalChaosBands.h">
      <Filter>Header Files</Filter>
    </ClInclude>
    <ClInclude Include="Wrappers\IndicatorFractalChaosOscillator.h">
      <Filter>Header Files</Filter>
    </ClInclude>
    <ClInclude Include="Wrappers\IndicatorHighLowBands.h">
      <Filter>Header Files</Filter>
    </ClInclude>
    <ClInclude Include="Wrappers\IndicatorHighMinusLow.h">
      <Filter>Header Files</Filter>
    </ClInclude>
    <ClInclude Include="wrappers\IndicatorHistoricalVolatility.h">
      <Filter>Header Files</Filter>
    </ClInclude>
    <ClInclude Include="Wrappers\IndicatorLinearRegressionForecast.h">
      <Filter>Header Files</Filter>
    </ClInclude>
    <ClInclude Include="Wrappers\IndicatorLinearRegressionIntercept.h">
      <Filter>Header Files</Filter>
    </ClInclude>
    <ClInclude Include="Wrappers\IndicatorLinearRegressionRSquared.h">
      <Filter>Header Files</Filter>
    </ClInclude>
    <ClInclude Include="Wrappers\IndicatorLinearRegressionSlope.h">
      <Filter>Header Files</Filter>
    </ClInclude>
    <ClInclude Include="Wrappers\IndicatorMACD.h">
      <Filter>Header Files</Filter>
    </ClInclude>
    <ClInclude Include="wrappers\IndicatorMACDHistogram.h">
      <Filter>Header Files</Filter>
    </ClInclude>
    <ClInclude Include="Wrappers\IndicatorMassIndex.h">
      <Filter>Header Files</Filter>
    </ClInclude>
    <ClInclude Include="Wrappers\IndicatorMedian.h">
      <Filter>Header Files</Filter>
    </ClInclude>
    <ClInclude Include="Wrappers\IndicatorMomentum.h">
      <Filter>Header Files</Filter>
    </ClInclude>
    <ClInclude Include="Wrappers\IndicatorMoneyFlowIndex.h">
      <Filter>Header Files</Filter>
    </ClInclude>
    <ClInclude Include="Wrappers\IndicatorMovingAverageEnvelope.h">
      <Filter>Header Files</Filter>
    </ClInclude>
    <ClInclude Include="Wrappers\IndicatorNegativeVolumeIndex.h">
      <Filter>Header Files</Filter>
    </ClInclude>
    <ClInclude Include="Wrappers\IndicatorOnBalanceVolume.h">
      <Filter>Header Files</Filter>
    </ClInclude>
    <ClInclude Include="Wrappers\IndicatorParabolicSAR.h">
      <Filter>Header Files</Filter>
    </ClInclude>
    <ClInclude Include="Wrappers\IndicatorPerformanceIndex.h">
      <Filter>Header Files</Filter>
    </ClInclude>
    <ClInclude Include="Wrappers\IndicatorPositiveVolumeIndex.h">
      <Filter>Header Files</Filter>
    </ClInclude>
    <ClInclude Include="Wrappers\IndicatorPriceOscillator.h">
      <Filter>Header Files</Filter>
    </ClInclude>
    <ClInclude Include="Wrappers\IndicatorPriceROC.h">
      <Filter>Header Files</Filter>
    </ClInclude>
    <ClInclude Include="Wrappers\IndicatorPriceVolumeTrend.h">
      <Filter>Header Files</Filter>
    </ClInclude>
    <ClInclude Include="Wrappers\IndicatorPrimeNumberBands.h">
      <Filter>Header Files</Filter>
    </ClInclude>
    <ClInclude Include="Wrappers\IndicatorPrimeNumberOscillator.h">
      <Filter>Header Files</Filter>
    </ClInclude>
    <ClInclude Include="Wrappers\IndicatorRainbowOscillator.h">
      <Filter>Header Files</Filter>
    </ClInclude>
    <ClInclude Include="Wrappers\IndicatorRelativeStrengthIndex.h">
      <Filter>Header Files</Filter>
    </ClInclude>
    <ClInclude Include="Wrappers\IndicatorSimpleMovingAverage.h">
      <Filter>Header Files</Filter>
    </ClInclude>
    <ClInclude Include="Wrappers\IndicatorStandardDeviation.h">
      <Filter>Header Files</Filter>
    </ClInclude>
    <ClInclude Include="Wrappers\IndicatorStochasticMomentumIndex.h">
      <Filter>Header Files</Filter>
    </ClInclude>
    <ClInclude Include="Wrappers\IndicatorStochasticOscillator.h">
      <Filter>Header Files</Filter>
    </ClInclude>
    <ClInclude Include="Wrappers\IndicatorSwingIndex.h">
      <Filter>Header Files</Filter>
    </ClInclude>
    <ClInclude Include="Wrappers\IndicatorTimeSeriesMovingAverage.h">
      <Filter>Header Files</Filter>
    </ClInclude>
    <ClInclude Include="Wrappers\IndicatorTradeVolumeIndex.h">
      <Filter>Header Files</Filter>
    </ClInclude>
    <ClInclude Include="Wrappers\IndicatorTriangularMovingAverage.h">
      <Filter>Header Files</Filter>
    </ClInclude>
    <ClInclude Include="Wrappers\IndicatorTRIX.h">
      <Filter>Header Files</Filter>
    </ClInclude>
    <ClInclude Include="Wrappers\IndicatorTrueRange.h">
      <Filter>Header Files</Filter>
    </ClInclude>
    <ClInclude Include="Wrappers\IndicatorTypicalPrice.h">
      <Filter>Header Files</Filter>
    </ClInclude>
    <ClInclude Include="Wrappers\IndicatorUltimateOscillator.h">
      <Filter>Header Files</Filter>
    </ClInclude>
    <ClInclude Include="Wrappers\IndicatorVariableMovingAverage.h">
      <Filter>Header Files</Filter>
    </ClInclude>
    <ClInclude Include="Wrappers\IndicatorVerticalHorizontalFilter.h">
      <Filter>Header Files</Filter>
    </ClInclude>
    <ClInclude Include="Wrappers\IndicatorVIDYA.h">
      <Filter>Header Files</Filter>
    </ClInclude>
    <ClInclude Include="Wrappers\IndicatorVolumeOscillator.h">
      <Filter>Header Files</Filter>
    </ClInclude>
    <ClInclude Include="Wrappers\IndicatorVolumeROC.h">
      <Filter>Header Files</Filter>
    </ClInclude>
    <ClInclude Include="Wrappers\IndicatorWeightedClose.h">
      <Filter>Header Files</Filter>
    </ClInclude>
    <ClInclude Include="Wrappers\IndicatorWeightedMovingAverage.h">
      <Filter>Header Files</Filter>
    </ClInclude>
    <ClInclude Include="Wrappers\IndicatorWellesWilderSmoothing.h">
      <Filter>Header Files</Filter>
    </ClInclude>
    <ClInclude Include="Wrappers\IndicatorWilliamsAccumulationDistribution.h">
      <Filter>Header Files</Filter>
    </ClInclude>
    <ClInclude Include="Wrappers\IndicatorWilliamsPctR.h">
      <Filter>Header Files</Filter>
    </ClInclude>
    <ClInclude Include="IndPropDlg.h">
      <Filter>Header Files</Filter>
    </ClInclude>
    <ClInclude Include="IOStructures.h">
      <Filter>Header Files</Filter>
    </ClInclude>
    <ClInclude Include="tasdk\LinearRegression.h">
      <Filter>Header Files</Filter>
    </ClInclude>
    <ClInclude Include="LineStandard.h">
      <Filter>Header Files</Filter>
    </ClInclude>
    <ClInclude Include="LineStudyEllipse.h">
      <Filter>Header Files</Filter>
    </ClInclude>
    <ClInclude Include="LineStudyErrorChannel.h">
      <Filter>Header Files</Filter>
    </ClInclude>
    <ClInclude Include="LineStudyFibonacciArcs.h">
      <Filter>Header Files</Filter>
    </ClInclude>
    <ClInclude Include="LineStudyFibonacciFan.h">
      <Filter>Header Files</Filter>
    </ClInclude>
    <ClInclude Include="LineStudyFibonacciRetracements.h">
      <Filter>Header Files</Filter>
    </ClInclude>
    <ClInclude Include="LineStudyFibonacciTimeZones.h">
      <Filter>Header Files</Filter>
    </ClInclude>
    <ClInclude Include="LineStudyFreehand.h">
      <Filter>Header Files</Filter>
    </ClInclude>
    <ClInclude Include="LineStudyGannFan.h">
      <Filter>Header Files</Filter>
    </ClInclude>
    <ClInclude Include="LineStudyQuadrantLines.h">
      <Filter>Header Files</Filter>
    </ClInclude>
    <ClInclude Include="LineStudyRaffRegression.h">
      <Filter>Header Files</Filter>
    </ClInclude>
    <ClInclude Include="LineStudyRectangle.h">
      <Filter>Header Files</Filter>
    </ClInclude>
    <ClInclude Include="LineStudySpeedLines.h">
      <Filter>Header Files</Filter>
    </ClInclude>
    <ClInclude Include="LineStudyTironeLevels.h">
      <Filter>Header Files</Filter>
    </ClInclude>
    <ClInclude Include="memdc.h">
      <Filter>Header Files</Filter>
    </ClInclude>
    <ClInclude Include="tasdk\MovingAverage.h">
      <Filter>Header Files</Filter>
    </ClInclude>
    <ClInclude Include="tasdk\Navigator.h">
      <Filter>Header Files</Filter>
    </ClInclude>
    <ClInclude Include="tasdk\Note.h">
      <Filter>Header Files</Filter>
    </ClInclude>
    <ClInclude Include="tasdk\Oscillator.h">
      <Filter>Header Files</Filter>
    </ClInclude>
    <ClInclude Include="PriceStyle.h">
      <Filter>Header Files</Filter>
    </ClInclude>
    <ClInclude Include="PriceStyleEquiVolume.h">
      <Filter>Header Files</Filter>
    </ClInclude>
    <ClInclude Include="PriceStyleHeikinAshi.h">
      <Filter>Header Files</Filter>
    </ClInclude>
    <ClInclude Include="PriceStyleKagi.h">
      <Filter>Header Files</Filter>
    </ClInclude>
    <ClInclude Include="PriceStylePointAndFigure.h">
      <Filter>Header Files</Filter>
    </ClInclude>
    <ClInclude Include="PriceStyleRenko.h">
      <Filter>Header Files</Filter>
    </ClInclude>
    <ClInclude Include="PriceStyleThreeLineBreak.h">
      <Filter>Header Files</Filter>
    </ClInclude>
    <ClInclude Include="tasdk\Recordset.h">
      <Filter>Header Files</Filter>
    </ClInclude>
    <ClInclude Include="Resource.h">
      <Filter>Header Files</Filter>
    </ClInclude>
    <ClInclude Include="SerializerX.h">
      <Filter>Header Files</Filter>
    </ClInclude>
    <ClInclude Include="Series.h">
      <Filter>Header Files</Filter>
    </ClInclude>
    <ClInclude Include="SeriesStandard.h">
      <Filter>Header Files</Filter>
    </ClInclude>
    <ClInclude Include="SeriesStock.h">
      <Filter>Header Files</Filter>
    </ClInclude>
    <ClInclude Include="StdAfx.h">
      <Filter>Header Files</Filter>
    </ClInclude>
    <ClInclude Include="StockChartX.h">
      <Filter>Header Files</Filter>
    </ClInclude>
    <ClInclude Include="StockChartXCtl.h">
      <Filter>Header Files</Filter>
    </ClInclude>
    <ClInclude Include="SymbolObject.h">
      <Filter>Header Files</Filter>
    </ClInclude>
    <ClInclude Include="tasdk\TASDK.h">
      <Filter>Header Files</Filter>
    </ClInclude>
    <ClInclude Include="TextArea.h">
      <Filter>Header Files</Filter>
    </ClInclude>
    <ClInclude Include="ValueView.h">
      <Filter>Header Files</Filter>
    </ClInclude>
    <ClInclude Include="XML.h">
      <Filter>Header Files</Filter>
    </ClInclude>
    <ClInclude Include="LineStudyTriangle.h">
      <Filter>Header Files</Filter>
    </ClInclude>
    <ClInclude Include="Coordinates.h">
      <Filter>Header Files</Filter>
    </ClInclude>
    <ClInclude Include="DebugConsole.h">
      <Filter>Header Files</Filter>
    </ClInclude>
    <ClInclude Include="Candle.h">
      <Filter>Header Files</Filter>
    </ClInclude>
    <ClInclude Include="LineStudyChannel.h">
      <Filter>Header Files</Filter>
    </ClInclude>
    <ClInclude Include="LineStudyFibonacciProgression.h">
      <Filter>Header Files</Filter>
    </ClInclude>
    <ClInclude Include="LineStudyPolyline.h">
      <Filter>Header Files</Filter>
    </ClInclude>
    <ClInclude Include="IndicatorVolume.h">
      <Filter>Header Files</Filter>
    </ClInclude>
    <ClInclude Include="IndicatorGenericMovingAverage.h">
      <Filter>Header Files</Filter>
    </ClInclude>
    <ClInclude Include="PDCHandler.h">
      <Filter>Header Files</Filter>
    </ClInclude>
    <ClInclude Include="IndicatorHILOActivator.h">
      <Filter>Header Files</Filter>
    </ClInclude>
    <ClInclude Include="PointF.h">
      <Filter>Header Files</Filter>
    </ClInclude>
    <ClInclude Include="RectF.h">
      <Filter>Header Files</Filter>
    </ClInclude>
    <ClInclude Include="IndicatorADX.h">
      <Filter>Header Files</Filter>
    </ClInclude>
    <ClInclude Include="wrappers\IndicatorDI.h">
      <Filter>Header Files</Filter>
    </ClInclude>
    <ClInclude Include="IndicatorAccumulationDistribution.h">
      <Filter>Header Files</Filter>
    </ClInclude>
  </ItemGroup>
  <ItemGroup>
    <CustomBuild Include="StockChartX.lic" />
  </ItemGroup>
</Project>